
Microsoft Visual Studio Solution File, Format Version 12.00
# Visual Studio Version 17
VisualStudioVersion = 17.0.32112.339
MinimumVisualStudioVersion = 15.0.26124.0
Project("{2150E333-8FDC-42A3-9474-1A3956D46DE8}") = "src", "src", "{648D3BB6-201F-401B-9EF9-D7BBBC6D3ECA}"
EndProject
Project("{9A19103F-16F7-4668-BE54-9A1E7A4F7556}") = "Lombiq.OSOCE.Web", "src\Lombiq.OSOCE.Web\Lombiq.OSOCE.Web.csproj", "{1AC7EC46-8FC5-49F8-B995-DA35263AB53F}"
EndProject
Project("{2150E333-8FDC-42A3-9474-1A3956D46DE8}") = "Solution Items", "Solution Items", "{8B131E3B-202B-486D-A3A4-CB84AC4C3370}"
	ProjectSection(SolutionItems) = preProject
		tools\Lombiq.Analyzers\.editorconfig = tools\Lombiq.Analyzers\.editorconfig
		.eslintrc = .eslintrc
		.gitignore = .gitignore
		.stylelintrc = .stylelintrc
		Directory.Build.props = Directory.Build.props
		tools\Lombiq.Analyzers\general.ruleset = tools\Lombiq.Analyzers\general.ruleset
		License.md = License.md
		NuGet.config = NuGet.config
		tools\Lombiq.Analyzers\orchardcore.ruleset = tools\Lombiq.Analyzers\orchardcore.ruleset
		Readme.md = Readme.md
		Reset-Local.ps1 = Reset-Local.ps1
		.github\workflows\build_and_test.yml = .github\workflows\build_and_test.yml
		.github\TestConfig.json = .github\TestConfig.json
	EndProjectSection
EndProject
Project("{2150E333-8FDC-42A3-9474-1A3956D46DE8}") = "Modules", "Modules", "{11E06A11-1733-408D-BB2F-BFA07075F812}"
EndProject
Project("{9A19103F-16F7-4668-BE54-9A1E7A4F7556}") = "Lombiq.TrainingDemo", "src\Modules\Lombiq.TrainingDemo\Lombiq.TrainingDemo.csproj", "{3E5295F8-A196-466B-A857-177AB6EF6E04}"
EndProject
Project("{9A19103F-16F7-4668-BE54-9A1E7A4F7556}") = "Lombiq.VueJs", "src\Modules\Lombiq.VueJs\Lombiq.VueJs\Lombiq.VueJs.csproj", "{6AEF3A6E-01EF-4729-8EF1-647A27347B1E}"
EndProject
Project("{2150E333-8FDC-42A3-9474-1A3956D46DE8}") = "Utilities", "Utilities", "{11F2CB14-D92A-484F-9C1E-2836B1B04DB8}"
EndProject
Project("{9A19103F-16F7-4668-BE54-9A1E7A4F7556}") = "Lombiq.Npm.Targets", "src\Utilities\Lombiq.Npm.Targets\Lombiq.Npm.Targets.csproj", "{7EEC51ED-5483-4A27-93B5-FCD920493604}"
EndProject
Project("{9A19103F-16F7-4668-BE54-9A1E7A4F7556}") = "Lombiq.Gulp.Extensions", "src\Utilities\Lombiq.Gulp.Extensions\Lombiq.Gulp.Extensions.csproj", "{1E9E25BA-F756-40EA-82EE-507D9D53C30A}"
EndProject
Project("{2150E333-8FDC-42A3-9474-1A3956D46DE8}") = "Libraries", "Libraries", "{53D45048-C7C6-4D04-A9DA-8B8271510F99}"
EndProject
Project("{9A19103F-16F7-4668-BE54-9A1E7A4F7556}") = "Lombiq.HelpfulLibraries", "src\Libraries\Lombiq.HelpfulLibraries\Lombiq.HelpfulLibraries\Lombiq.HelpfulLibraries.csproj", "{01A2A5A4-E453-4658-92F1-D57C00B16DA0}"
EndProject
Project("{9A19103F-16F7-4668-BE54-9A1E7A4F7556}") = "Lombiq.HelpfulExtensions", "src\Modules\Lombiq.HelpfulExtensions\Lombiq.HelpfulExtensions.csproj", "{7DEB3535-5A2A-468A-A626-11B668C53AE0}"
EndProject
Project("{9A19103F-16F7-4668-BE54-9A1E7A4F7556}") = "Lombiq.SetupExtensions", "src\Utilities\Lombiq.SetupExtensions\Lombiq.SetupExtensions.csproj", "{A31B73D3-C075-4510-A504-A1DC0832D006}"
EndProject
Project("{2150E333-8FDC-42A3-9474-1A3956D46DE8}") = "test", "test", "{FF48793C-2AC5-4FAA-9BA1-44448E3A7F98}"
EndProject
Project("{9A19103F-16F7-4668-BE54-9A1E7A4F7556}") = "Lombiq.TrainingDemo.Tests", "src\Modules\Lombiq.TrainingDemo\Tests\Lombiq.TrainingDemo.Tests\Lombiq.TrainingDemo.Tests.csproj", "{26FCE328-9B37-4A51-9C87-87D6628907E0}"
EndProject
Project("{2150E333-8FDC-42A3-9474-1A3956D46DE8}") = "Modules", "Modules", "{6ED7E28F-0556-471C-8AD1-5BB0941411DD}"
EndProject
Project("{9A19103F-16F7-4668-BE54-9A1E7A4F7556}") = "Lombiq.Hosting.Azure.ApplicationInsights", "src\Modules\Lombiq.Hosting.Azure.ApplicationInsights\Lombiq.Hosting.Azure.ApplicationInsights.csproj", "{EC3A4303-A792-41AF-A354-4D8482411457}"
EndProject
Project("{9A19103F-16F7-4668-BE54-9A1E7A4F7556}") = "Lombiq.ChartJs", "src\Modules\Lombiq.ChartJs\Lombiq.ChartJs\Lombiq.ChartJs.csproj", "{644CBF86-C2D7-4B00-94BB-BDBC02830611}"
EndProject
Project("{9A19103F-16F7-4668-BE54-9A1E7A4F7556}") = "Lombiq.UIKit", "src\Modules\Lombiq.UIKit\Lombiq.UIKit.csproj", "{B4C796F6-A40D-4313-9B37-DD909C90BE63}"
EndProject
Project("{9A19103F-16F7-4668-BE54-9A1E7A4F7556}") = "Lombiq.JsonEditor", "src\Modules\Lombiq.JsonEditor\Lombiq.JsonEditor.csproj", "{603D7ECE-0868-40C0-AACF-5220ED105471}"
EndProject
Project("{9A19103F-16F7-4668-BE54-9A1E7A4F7556}") = "Lombiq.AuditTrailExtensions", "src\Modules\Lombiq.AuditTrailExtensions\Lombiq.AuditTrailExtensions.csproj", "{A2CBA4B0-6B30-4183-B167-69A99F34FC72}"
EndProject
Project("{9A19103F-16F7-4668-BE54-9A1E7A4F7556}") = "Lombiq.HelpfulLibraries.LinqToDb", "src\Libraries\Lombiq.HelpfulLibraries\Lombiq.HelpfulLibraries.LinqToDb\Lombiq.HelpfulLibraries.LinqToDb.csproj", "{8BC42764-7D0C-4F18-8663-DB7C9F1734D5}"
EndProject
Project("{9A19103F-16F7-4668-BE54-9A1E7A4F7556}") = "Lombiq.HelpfulLibraries.RestEase", "src\Libraries\Lombiq.HelpfulLibraries\Lombiq.HelpfulLibraries.RestEase\Lombiq.HelpfulLibraries.RestEase.csproj", "{1800BAC6-F9A5-4C0E-9BB9-5B42A56B8852}"
EndProject
Project("{9A19103F-16F7-4668-BE54-9A1E7A4F7556}") = "Lombiq.Tests.UI", "test\Lombiq.UITestingToolbox\Lombiq.Tests.UI\Lombiq.Tests.UI.csproj", "{C48BA269-041E-4D17-A05C-BBC0C505B9C4}"
EndProject
Project("{9A19103F-16F7-4668-BE54-9A1E7A4F7556}") = "Lombiq.Tests.UI.Shortcuts", "test\Lombiq.UITestingToolbox\Lombiq.Tests.UI.Shortcuts\Lombiq.Tests.UI.Shortcuts.csproj", "{63826697-DA99-4729-A56B-2FCDBD9C0607}"
EndProject
Project("{9A19103F-16F7-4668-BE54-9A1E7A4F7556}") = "Lombiq.Tests.UI.AppExtensions", "test\Lombiq.UITestingToolbox\Lombiq.Tests.UI.AppExtensions\Lombiq.Tests.UI.AppExtensions.csproj", "{C9BAC943-31BB-43ED-AA81-02CCFF7A7885}"
EndProject
Project("{9A19103F-16F7-4668-BE54-9A1E7A4F7556}") = "Lombiq.Tests.UI.Samples", "test\Lombiq.UITestingToolbox\Lombiq.Tests.UI.Samples\Lombiq.Tests.UI.Samples.csproj", "{6F69487B-98F8-4745-8685-AADD7C35FFD0}"
EndProject
Project("{9A19103F-16F7-4668-BE54-9A1E7A4F7556}") = "Lombiq.Tests", "test\Lombiq.Tests\Lombiq.Tests.csproj", "{76565ADF-DF26-47F8-A43F-57C6EB53CE5D}"
EndProject
Project("{9A19103F-16F7-4668-BE54-9A1E7A4F7556}") = "Lombiq.Hosting.Tenants.Admin.Login", "src\Modules\Lombiq.Hosting.Tenants\Lombiq.Hosting.Tenants.Admin.Login\Lombiq.Hosting.Tenants.Admin.Login.csproj", "{45B54216-B0A4-4D07-ACF9-D9046F9F2705}"
EndProject
Project("{9A19103F-16F7-4668-BE54-9A1E7A4F7556}") = "Lombiq.Hosting.Tenants.Management", "src\Modules\Lombiq.Hosting.Tenants\Lombiq.Hosting.Tenants.Management\Lombiq.Hosting.Tenants.Management.csproj", "{814CFDA5-35B5-46DE-984D-10507A2D91FD}"
EndProject
Project("{9A19103F-16F7-4668-BE54-9A1E7A4F7556}") = "Lombiq.Privacy", "src\Modules\Lombiq.Privacy\Lombiq.Privacy.csproj", "{D245F49A-507D-4590-8F95-ADDA50642DB2}"
EndProject
Project("{2150E333-8FDC-42A3-9474-1A3956D46DE8}") = "Libraries", "Libraries", "{41CE6E12-92B4-4CF5-9D9C-C214C41CA8FE}"
EndProject
Project("{9A19103F-16F7-4668-BE54-9A1E7A4F7556}") = "Lombiq.HelpfulLibraries.Tests", "src\Libraries\Lombiq.HelpfulLibraries\Lombiq.HelpfulLibraries.Tests\Lombiq.HelpfulLibraries.Tests.csproj", "{3AA1563E-4D6A-4FE4-BAB7-97E95F622AD0}"
EndProject
Project("{9A19103F-16F7-4668-BE54-9A1E7A4F7556}") = "Lombiq.OSOCE.Samples", "src\Modules\Lombiq.OSOCE.Samples\Lombiq.OSOCE.Samples.csproj", "{64AC7FC6-3E9E-4756-8504-D0D8DAC3B300}"
EndProject
Project("{9A19103F-16F7-4668-BE54-9A1E7A4F7556}") = "Lombiq.HelpfulLibraries.Samples", "src\Libraries\Lombiq.HelpfulLibraries\Lombiq.HelpfulLibraries.Samples\Lombiq.HelpfulLibraries.Samples.csproj", "{31D4DDCE-472A-4ECF-B6A2-0F1B34B14DFA}"
EndProject
Project("{9A19103F-16F7-4668-BE54-9A1E7A4F7556}") = "Lombiq.VueJs.Samples", "src\Modules\Lombiq.VueJs\Lombiq.VueJs.Samples\Lombiq.VueJs.Samples.csproj", "{B5279766-5DAE-4257-87E7-E3821759A2F8}"
EndProject
Project("{2150E333-8FDC-42A3-9474-1A3956D46DE8}") = "tools", "tools", "{BF1EDFA5-0129-416C-B9ED-8CE68A3FD526}"
EndProject
Project("{9A19103F-16F7-4668-BE54-9A1E7A4F7556}") = "Lombiq.Analyzers", "tools\Lombiq.Analyzers\Lombiq.Analyzers.csproj", "{C7A251AA-1BD5-47D8-A61B-50D8C493223A}"
EndProject
Project("{9A19103F-16F7-4668-BE54-9A1E7A4F7556}") = "Lombiq.DataTables", "src\Modules\Lombiq.DataTables\Lombiq.DataTables\Lombiq.DataTables.csproj", "{E5F0E0AD-421C-4F7F-B27C-5BCCCE3C9B08}"
EndProject
Project("{9A19103F-16F7-4668-BE54-9A1E7A4F7556}") = "Lombiq.DataTables.Samples", "src\Modules\Lombiq.DataTables\Lombiq.DataTables.Samples\Lombiq.DataTables.Samples.csproj", "{56963ED6-1042-4051-9513-43778059A01D}"
EndProject
Project("{9A19103F-16F7-4668-BE54-9A1E7A4F7556}") = "Lombiq.DataTables.Tests", "src\Modules\Lombiq.DataTables\Lombiq.DataTables\Tests\Lombiq.DataTables.Tests\Lombiq.DataTables.Tests.csproj", "{1DEE21A1-F89B-47CF-8971-6C28C0C0F1CF}"
EndProject
Project("{9A19103F-16F7-4668-BE54-9A1E7A4F7556}") = "Lombiq.OSOCE.Tests.UI", "test\Lombiq.OSOCE.Tests.UI\Lombiq.OSOCE.Tests.UI.csproj", "{AF7F0D99-B8CF-48D7-9471-A5F91CB53B09}"
EndProject
Project("{9A19103F-16F7-4668-BE54-9A1E7A4F7556}") = "Lombiq.DataTables.Tests.UI", "src\Modules\Lombiq.DataTables\Lombiq.DataTables\Tests\Lombiq.DataTables.Tests.UI\Lombiq.DataTables.Tests.UI.csproj", "{44546C43-8A6D-4C8F-901E-0C87DA596965}"
EndProject
Project("{9A19103F-16F7-4668-BE54-9A1E7A4F7556}") = "Lombiq.VueJs.Tests.UI", "src\Modules\Lombiq.VueJs\Lombiq.VueJs.Tests.UI\Lombiq.VueJs.Tests.UI.csproj", "{3F55C053-430A-438A-BB1C-8D39E363B8AF}"
EndProject
Project("{9A19103F-16F7-4668-BE54-9A1E7A4F7556}") = "Lombiq.HelpfulLibraries.AspNetCore", "src\Libraries\Lombiq.HelpfulLibraries\Lombiq.HelpfulLibraries.AspNetCore\Lombiq.HelpfulLibraries.AspNetCore.csproj", "{F8EF807E-85E5-4FA8-98C3-536ABBEF4276}"
EndProject
Project("{9A19103F-16F7-4668-BE54-9A1E7A4F7556}") = "Lombiq.HelpfulLibraries.Common", "src\Libraries\Lombiq.HelpfulLibraries\Lombiq.HelpfulLibraries.Common\Lombiq.HelpfulLibraries.Common.csproj", "{ACF4C334-D48B-46D2-B5A1-681115067748}"
EndProject
Project("{9A19103F-16F7-4668-BE54-9A1E7A4F7556}") = "Lombiq.HelpfulLibraries.OrchardCore", "src\Libraries\Lombiq.HelpfulLibraries\Lombiq.HelpfulLibraries.OrchardCore\Lombiq.HelpfulLibraries.OrchardCore.csproj", "{CA011075-6748-4EB4-9C72-C8FD7319FEFD}"
EndProject
Project("{9A19103F-16F7-4668-BE54-9A1E7A4F7556}") = "Lombiq.HelpfulLibraries.OrchardCore.Testing", "src\Libraries\Lombiq.HelpfulLibraries\Lombiq.HelpfulLibraries.OrchardCore.Testing\Lombiq.HelpfulLibraries.OrchardCore.Testing.csproj", "{95D73C6A-B81E-44A3-9376-9CFEFDE3B314}"
EndProject
Project("{FAE04EC0-301F-11D3-BF4B-00C04F79EFBC}") = "Lombiq.BaseTheme", "src\Themes\Lombiq.BaseTheme\Lombiq.BaseTheme\Lombiq.BaseTheme.csproj", "{F482D324-1F7C-4D2A-8124-F456ABE58644}"
EndProject
Project("{2150E333-8FDC-42A3-9474-1A3956D46DE8}") = "Themes", "Themes", "{574156BC-2074-47C9-8EA8-70DED6658DD5}"
EndProject
Project("{FAE04EC0-301F-11D3-BF4B-00C04F79EFBC}") = "Lombiq.BaseTheme.Samples", "src\Themes\Lombiq.BaseTheme\Lombiq.BaseTheme.Samples\Lombiq.BaseTheme.Samples.csproj", "{50B87146-54CF-4B91-B359-F299B90835E6}"
EndProject
Project("{2150E333-8FDC-42A3-9474-1A3956D46DE8}") = "Themes", "Themes", "{93A678A8-93E4-4F53-BF83-22801014F27B}"
EndProject
Project("{FAE04EC0-301F-11D3-BF4B-00C04F79EFBC}") = "Lombiq.BaseTheme.Tests.UI", "src\Themes\Lombiq.BaseTheme\Lombiq.BaseTheme.Tests.UI\Lombiq.BaseTheme.Tests.UI.csproj", "{2BF13E3A-B54D-4352-812E-9A867A801FFE}"
EndProject
Project("{FAE04EC0-301F-11D3-BF4B-00C04F79EFBC}") = "Lombiq.HelpfulLibraries.Cli", "src\Libraries\Lombiq.HelpfulLibraries\Lombiq.HelpfulLibraries.Cli\Lombiq.HelpfulLibraries.Cli.csproj", "{F4B0F77A-4EF0-40A9-B1C0-9294B397BA36}"
EndProject
Project("{9A19103F-16F7-4668-BE54-9A1E7A4F7556}") = "Lombiq.ChartJs.Samples", "src\Modules\Lombiq.ChartJs\Lombiq.ChartJs.Samples\Lombiq.ChartJs.Samples.csproj", "{B22E25BC-36A8-450B-A67A-9BC0CFDD4F52}"
EndProject
Project("{9A19103F-16F7-4668-BE54-9A1E7A4F7556}") = "Lombiq.ChartJs.Tests.UI", "src\Modules\Lombiq.ChartJs\Lombiq.ChartJs.Tests.UI\Lombiq.ChartJs.Tests.UI.csproj", "{41724831-C0CC-4AF4-A869-7AB5AFB9F33C}"
EndProject

Global
	GlobalSection(SolutionConfigurationPlatforms) = preSolution
		Debug|Any CPU = Debug|Any CPU
		Debug|x64 = Debug|x64
		Debug|x86 = Debug|x86
		Release|Any CPU = Release|Any CPU
		Release|x64 = Release|x64
		Release|x86 = Release|x86
	EndGlobalSection
	GlobalSection(ProjectConfigurationPlatforms) = postSolution
		{1AC7EC46-8FC5-49F8-B995-DA35263AB53F}.Debug|Any CPU.ActiveCfg = Debug|Any CPU
		{1AC7EC46-8FC5-49F8-B995-DA35263AB53F}.Debug|Any CPU.Build.0 = Debug|Any CPU
		{1AC7EC46-8FC5-49F8-B995-DA35263AB53F}.Debug|x64.ActiveCfg = Debug|Any CPU
		{1AC7EC46-8FC5-49F8-B995-DA35263AB53F}.Debug|x64.Build.0 = Debug|Any CPU
		{1AC7EC46-8FC5-49F8-B995-DA35263AB53F}.Debug|x86.ActiveCfg = Debug|Any CPU
		{1AC7EC46-8FC5-49F8-B995-DA35263AB53F}.Debug|x86.Build.0 = Debug|Any CPU
		{1AC7EC46-8FC5-49F8-B995-DA35263AB53F}.Release|Any CPU.ActiveCfg = Release|Any CPU
		{1AC7EC46-8FC5-49F8-B995-DA35263AB53F}.Release|Any CPU.Build.0 = Release|Any CPU
		{1AC7EC46-8FC5-49F8-B995-DA35263AB53F}.Release|x64.ActiveCfg = Release|Any CPU
		{1AC7EC46-8FC5-49F8-B995-DA35263AB53F}.Release|x64.Build.0 = Release|Any CPU
		{1AC7EC46-8FC5-49F8-B995-DA35263AB53F}.Release|x86.ActiveCfg = Release|Any CPU
		{1AC7EC46-8FC5-49F8-B995-DA35263AB53F}.Release|x86.Build.0 = Release|Any CPU
		{3E5295F8-A196-466B-A857-177AB6EF6E04}.Debug|Any CPU.ActiveCfg = Debug|Any CPU
		{3E5295F8-A196-466B-A857-177AB6EF6E04}.Debug|Any CPU.Build.0 = Debug|Any CPU
		{3E5295F8-A196-466B-A857-177AB6EF6E04}.Debug|x64.ActiveCfg = Debug|Any CPU
		{3E5295F8-A196-466B-A857-177AB6EF6E04}.Debug|x64.Build.0 = Debug|Any CPU
		{3E5295F8-A196-466B-A857-177AB6EF6E04}.Debug|x86.ActiveCfg = Debug|Any CPU
		{3E5295F8-A196-466B-A857-177AB6EF6E04}.Debug|x86.Build.0 = Debug|Any CPU
		{3E5295F8-A196-466B-A857-177AB6EF6E04}.Release|Any CPU.ActiveCfg = Release|Any CPU
		{3E5295F8-A196-466B-A857-177AB6EF6E04}.Release|Any CPU.Build.0 = Release|Any CPU
		{3E5295F8-A196-466B-A857-177AB6EF6E04}.Release|x64.ActiveCfg = Release|Any CPU
		{3E5295F8-A196-466B-A857-177AB6EF6E04}.Release|x64.Build.0 = Release|Any CPU
		{3E5295F8-A196-466B-A857-177AB6EF6E04}.Release|x86.ActiveCfg = Release|Any CPU
		{3E5295F8-A196-466B-A857-177AB6EF6E04}.Release|x86.Build.0 = Release|Any CPU
		{6AEF3A6E-01EF-4729-8EF1-647A27347B1E}.Debug|Any CPU.ActiveCfg = Debug|Any CPU
		{6AEF3A6E-01EF-4729-8EF1-647A27347B1E}.Debug|Any CPU.Build.0 = Debug|Any CPU
		{6AEF3A6E-01EF-4729-8EF1-647A27347B1E}.Debug|x64.ActiveCfg = Debug|Any CPU
		{6AEF3A6E-01EF-4729-8EF1-647A27347B1E}.Debug|x64.Build.0 = Debug|Any CPU
		{6AEF3A6E-01EF-4729-8EF1-647A27347B1E}.Debug|x86.ActiveCfg = Debug|Any CPU
		{6AEF3A6E-01EF-4729-8EF1-647A27347B1E}.Debug|x86.Build.0 = Debug|Any CPU
		{6AEF3A6E-01EF-4729-8EF1-647A27347B1E}.Release|Any CPU.ActiveCfg = Release|Any CPU
		{6AEF3A6E-01EF-4729-8EF1-647A27347B1E}.Release|Any CPU.Build.0 = Release|Any CPU
		{6AEF3A6E-01EF-4729-8EF1-647A27347B1E}.Release|x64.ActiveCfg = Release|Any CPU
		{6AEF3A6E-01EF-4729-8EF1-647A27347B1E}.Release|x64.Build.0 = Release|Any CPU
		{6AEF3A6E-01EF-4729-8EF1-647A27347B1E}.Release|x86.ActiveCfg = Release|Any CPU
		{6AEF3A6E-01EF-4729-8EF1-647A27347B1E}.Release|x86.Build.0 = Release|Any CPU
		{7EEC51ED-5483-4A27-93B5-FCD920493604}.Debug|Any CPU.ActiveCfg = Debug|Any CPU
		{7EEC51ED-5483-4A27-93B5-FCD920493604}.Debug|Any CPU.Build.0 = Debug|Any CPU
		{7EEC51ED-5483-4A27-93B5-FCD920493604}.Debug|x64.ActiveCfg = Debug|Any CPU
		{7EEC51ED-5483-4A27-93B5-FCD920493604}.Debug|x64.Build.0 = Debug|Any CPU
		{7EEC51ED-5483-4A27-93B5-FCD920493604}.Debug|x86.ActiveCfg = Debug|Any CPU
		{7EEC51ED-5483-4A27-93B5-FCD920493604}.Debug|x86.Build.0 = Debug|Any CPU
		{7EEC51ED-5483-4A27-93B5-FCD920493604}.Release|Any CPU.ActiveCfg = Release|Any CPU
		{7EEC51ED-5483-4A27-93B5-FCD920493604}.Release|Any CPU.Build.0 = Release|Any CPU
		{7EEC51ED-5483-4A27-93B5-FCD920493604}.Release|x64.ActiveCfg = Release|Any CPU
		{7EEC51ED-5483-4A27-93B5-FCD920493604}.Release|x64.Build.0 = Release|Any CPU
		{7EEC51ED-5483-4A27-93B5-FCD920493604}.Release|x86.ActiveCfg = Release|Any CPU
		{7EEC51ED-5483-4A27-93B5-FCD920493604}.Release|x86.Build.0 = Release|Any CPU
		{1E9E25BA-F756-40EA-82EE-507D9D53C30A}.Debug|Any CPU.ActiveCfg = Debug|Any CPU
		{1E9E25BA-F756-40EA-82EE-507D9D53C30A}.Debug|Any CPU.Build.0 = Debug|Any CPU
		{1E9E25BA-F756-40EA-82EE-507D9D53C30A}.Debug|x64.ActiveCfg = Debug|Any CPU
		{1E9E25BA-F756-40EA-82EE-507D9D53C30A}.Debug|x64.Build.0 = Debug|Any CPU
		{1E9E25BA-F756-40EA-82EE-507D9D53C30A}.Debug|x86.ActiveCfg = Debug|Any CPU
		{1E9E25BA-F756-40EA-82EE-507D9D53C30A}.Debug|x86.Build.0 = Debug|Any CPU
		{1E9E25BA-F756-40EA-82EE-507D9D53C30A}.Release|Any CPU.ActiveCfg = Release|Any CPU
		{1E9E25BA-F756-40EA-82EE-507D9D53C30A}.Release|Any CPU.Build.0 = Release|Any CPU
		{1E9E25BA-F756-40EA-82EE-507D9D53C30A}.Release|x64.ActiveCfg = Release|Any CPU
		{1E9E25BA-F756-40EA-82EE-507D9D53C30A}.Release|x64.Build.0 = Release|Any CPU
		{1E9E25BA-F756-40EA-82EE-507D9D53C30A}.Release|x86.ActiveCfg = Release|Any CPU
		{1E9E25BA-F756-40EA-82EE-507D9D53C30A}.Release|x86.Build.0 = Release|Any CPU
		{01A2A5A4-E453-4658-92F1-D57C00B16DA0}.Debug|Any CPU.ActiveCfg = Debug|Any CPU
		{01A2A5A4-E453-4658-92F1-D57C00B16DA0}.Debug|Any CPU.Build.0 = Debug|Any CPU
		{01A2A5A4-E453-4658-92F1-D57C00B16DA0}.Debug|x64.ActiveCfg = Debug|Any CPU
		{01A2A5A4-E453-4658-92F1-D57C00B16DA0}.Debug|x64.Build.0 = Debug|Any CPU
		{01A2A5A4-E453-4658-92F1-D57C00B16DA0}.Debug|x86.ActiveCfg = Debug|Any CPU
		{01A2A5A4-E453-4658-92F1-D57C00B16DA0}.Debug|x86.Build.0 = Debug|Any CPU
		{01A2A5A4-E453-4658-92F1-D57C00B16DA0}.Release|Any CPU.ActiveCfg = Release|Any CPU
		{01A2A5A4-E453-4658-92F1-D57C00B16DA0}.Release|Any CPU.Build.0 = Release|Any CPU
		{01A2A5A4-E453-4658-92F1-D57C00B16DA0}.Release|x64.ActiveCfg = Release|Any CPU
		{01A2A5A4-E453-4658-92F1-D57C00B16DA0}.Release|x64.Build.0 = Release|Any CPU
		{01A2A5A4-E453-4658-92F1-D57C00B16DA0}.Release|x86.ActiveCfg = Release|Any CPU
		{01A2A5A4-E453-4658-92F1-D57C00B16DA0}.Release|x86.Build.0 = Release|Any CPU
		{7DEB3535-5A2A-468A-A626-11B668C53AE0}.Debug|Any CPU.ActiveCfg = Debug|Any CPU
		{7DEB3535-5A2A-468A-A626-11B668C53AE0}.Debug|Any CPU.Build.0 = Debug|Any CPU
		{7DEB3535-5A2A-468A-A626-11B668C53AE0}.Debug|x64.ActiveCfg = Debug|Any CPU
		{7DEB3535-5A2A-468A-A626-11B668C53AE0}.Debug|x64.Build.0 = Debug|Any CPU
		{7DEB3535-5A2A-468A-A626-11B668C53AE0}.Debug|x86.ActiveCfg = Debug|Any CPU
		{7DEB3535-5A2A-468A-A626-11B668C53AE0}.Debug|x86.Build.0 = Debug|Any CPU
		{7DEB3535-5A2A-468A-A626-11B668C53AE0}.Release|Any CPU.ActiveCfg = Release|Any CPU
		{7DEB3535-5A2A-468A-A626-11B668C53AE0}.Release|Any CPU.Build.0 = Release|Any CPU
		{7DEB3535-5A2A-468A-A626-11B668C53AE0}.Release|x64.ActiveCfg = Release|Any CPU
		{7DEB3535-5A2A-468A-A626-11B668C53AE0}.Release|x64.Build.0 = Release|Any CPU
		{7DEB3535-5A2A-468A-A626-11B668C53AE0}.Release|x86.ActiveCfg = Release|Any CPU
		{7DEB3535-5A2A-468A-A626-11B668C53AE0}.Release|x86.Build.0 = Release|Any CPU
		{A31B73D3-C075-4510-A504-A1DC0832D006}.Debug|Any CPU.ActiveCfg = Debug|Any CPU
		{A31B73D3-C075-4510-A504-A1DC0832D006}.Debug|Any CPU.Build.0 = Debug|Any CPU
		{A31B73D3-C075-4510-A504-A1DC0832D006}.Debug|x64.ActiveCfg = Debug|Any CPU
		{A31B73D3-C075-4510-A504-A1DC0832D006}.Debug|x64.Build.0 = Debug|Any CPU
		{A31B73D3-C075-4510-A504-A1DC0832D006}.Debug|x86.ActiveCfg = Debug|Any CPU
		{A31B73D3-C075-4510-A504-A1DC0832D006}.Debug|x86.Build.0 = Debug|Any CPU
		{A31B73D3-C075-4510-A504-A1DC0832D006}.Release|Any CPU.ActiveCfg = Release|Any CPU
		{A31B73D3-C075-4510-A504-A1DC0832D006}.Release|Any CPU.Build.0 = Release|Any CPU
		{A31B73D3-C075-4510-A504-A1DC0832D006}.Release|x64.ActiveCfg = Release|Any CPU
		{A31B73D3-C075-4510-A504-A1DC0832D006}.Release|x64.Build.0 = Release|Any CPU
		{A31B73D3-C075-4510-A504-A1DC0832D006}.Release|x86.ActiveCfg = Release|Any CPU
		{A31B73D3-C075-4510-A504-A1DC0832D006}.Release|x86.Build.0 = Release|Any CPU
		{26FCE328-9B37-4A51-9C87-87D6628907E0}.Debug|Any CPU.ActiveCfg = Debug|Any CPU
		{26FCE328-9B37-4A51-9C87-87D6628907E0}.Debug|Any CPU.Build.0 = Debug|Any CPU
		{26FCE328-9B37-4A51-9C87-87D6628907E0}.Debug|x64.ActiveCfg = Debug|Any CPU
		{26FCE328-9B37-4A51-9C87-87D6628907E0}.Debug|x64.Build.0 = Debug|Any CPU
		{26FCE328-9B37-4A51-9C87-87D6628907E0}.Debug|x86.ActiveCfg = Debug|Any CPU
		{26FCE328-9B37-4A51-9C87-87D6628907E0}.Debug|x86.Build.0 = Debug|Any CPU
		{26FCE328-9B37-4A51-9C87-87D6628907E0}.Release|Any CPU.ActiveCfg = Release|Any CPU
		{26FCE328-9B37-4A51-9C87-87D6628907E0}.Release|Any CPU.Build.0 = Release|Any CPU
		{26FCE328-9B37-4A51-9C87-87D6628907E0}.Release|x64.ActiveCfg = Release|Any CPU
		{26FCE328-9B37-4A51-9C87-87D6628907E0}.Release|x64.Build.0 = Release|Any CPU
		{26FCE328-9B37-4A51-9C87-87D6628907E0}.Release|x86.ActiveCfg = Release|Any CPU
		{26FCE328-9B37-4A51-9C87-87D6628907E0}.Release|x86.Build.0 = Release|Any CPU
		{EC3A4303-A792-41AF-A354-4D8482411457}.Debug|Any CPU.ActiveCfg = Debug|Any CPU
		{EC3A4303-A792-41AF-A354-4D8482411457}.Debug|Any CPU.Build.0 = Debug|Any CPU
		{EC3A4303-A792-41AF-A354-4D8482411457}.Debug|x64.ActiveCfg = Debug|Any CPU
		{EC3A4303-A792-41AF-A354-4D8482411457}.Debug|x64.Build.0 = Debug|Any CPU
		{EC3A4303-A792-41AF-A354-4D8482411457}.Debug|x86.ActiveCfg = Debug|Any CPU
		{EC3A4303-A792-41AF-A354-4D8482411457}.Debug|x86.Build.0 = Debug|Any CPU
		{EC3A4303-A792-41AF-A354-4D8482411457}.Release|Any CPU.ActiveCfg = Release|Any CPU
		{EC3A4303-A792-41AF-A354-4D8482411457}.Release|Any CPU.Build.0 = Release|Any CPU
		{EC3A4303-A792-41AF-A354-4D8482411457}.Release|x64.ActiveCfg = Release|Any CPU
		{EC3A4303-A792-41AF-A354-4D8482411457}.Release|x64.Build.0 = Release|Any CPU
		{EC3A4303-A792-41AF-A354-4D8482411457}.Release|x86.ActiveCfg = Release|Any CPU
		{EC3A4303-A792-41AF-A354-4D8482411457}.Release|x86.Build.0 = Release|Any CPU
		{644CBF86-C2D7-4B00-94BB-BDBC02830611}.Debug|Any CPU.ActiveCfg = Debug|Any CPU
		{644CBF86-C2D7-4B00-94BB-BDBC02830611}.Debug|Any CPU.Build.0 = Debug|Any CPU
		{644CBF86-C2D7-4B00-94BB-BDBC02830611}.Debug|x64.ActiveCfg = Debug|Any CPU
		{644CBF86-C2D7-4B00-94BB-BDBC02830611}.Debug|x64.Build.0 = Debug|Any CPU
		{644CBF86-C2D7-4B00-94BB-BDBC02830611}.Debug|x86.ActiveCfg = Debug|Any CPU
		{644CBF86-C2D7-4B00-94BB-BDBC02830611}.Debug|x86.Build.0 = Debug|Any CPU
		{644CBF86-C2D7-4B00-94BB-BDBC02830611}.Release|Any CPU.ActiveCfg = Release|Any CPU
		{644CBF86-C2D7-4B00-94BB-BDBC02830611}.Release|Any CPU.Build.0 = Release|Any CPU
		{644CBF86-C2D7-4B00-94BB-BDBC02830611}.Release|x64.ActiveCfg = Release|Any CPU
		{644CBF86-C2D7-4B00-94BB-BDBC02830611}.Release|x64.Build.0 = Release|Any CPU
		{644CBF86-C2D7-4B00-94BB-BDBC02830611}.Release|x86.ActiveCfg = Release|Any CPU
		{644CBF86-C2D7-4B00-94BB-BDBC02830611}.Release|x86.Build.0 = Release|Any CPU
		{B4C796F6-A40D-4313-9B37-DD909C90BE63}.Debug|Any CPU.ActiveCfg = Debug|Any CPU
		{B4C796F6-A40D-4313-9B37-DD909C90BE63}.Debug|Any CPU.Build.0 = Debug|Any CPU
		{B4C796F6-A40D-4313-9B37-DD909C90BE63}.Debug|x64.ActiveCfg = Debug|Any CPU
		{B4C796F6-A40D-4313-9B37-DD909C90BE63}.Debug|x64.Build.0 = Debug|Any CPU
		{B4C796F6-A40D-4313-9B37-DD909C90BE63}.Debug|x86.ActiveCfg = Debug|Any CPU
		{B4C796F6-A40D-4313-9B37-DD909C90BE63}.Debug|x86.Build.0 = Debug|Any CPU
		{B4C796F6-A40D-4313-9B37-DD909C90BE63}.Release|Any CPU.ActiveCfg = Release|Any CPU
		{B4C796F6-A40D-4313-9B37-DD909C90BE63}.Release|Any CPU.Build.0 = Release|Any CPU
		{B4C796F6-A40D-4313-9B37-DD909C90BE63}.Release|x64.ActiveCfg = Release|Any CPU
		{B4C796F6-A40D-4313-9B37-DD909C90BE63}.Release|x64.Build.0 = Release|Any CPU
		{B4C796F6-A40D-4313-9B37-DD909C90BE63}.Release|x86.ActiveCfg = Release|Any CPU
		{B4C796F6-A40D-4313-9B37-DD909C90BE63}.Release|x86.Build.0 = Release|Any CPU
		{603D7ECE-0868-40C0-AACF-5220ED105471}.Debug|Any CPU.ActiveCfg = Debug|Any CPU
		{603D7ECE-0868-40C0-AACF-5220ED105471}.Debug|Any CPU.Build.0 = Debug|Any CPU
		{603D7ECE-0868-40C0-AACF-5220ED105471}.Debug|x64.ActiveCfg = Debug|Any CPU
		{603D7ECE-0868-40C0-AACF-5220ED105471}.Debug|x64.Build.0 = Debug|Any CPU
		{603D7ECE-0868-40C0-AACF-5220ED105471}.Debug|x86.ActiveCfg = Debug|Any CPU
		{603D7ECE-0868-40C0-AACF-5220ED105471}.Debug|x86.Build.0 = Debug|Any CPU
		{603D7ECE-0868-40C0-AACF-5220ED105471}.Release|Any CPU.ActiveCfg = Release|Any CPU
		{603D7ECE-0868-40C0-AACF-5220ED105471}.Release|Any CPU.Build.0 = Release|Any CPU
		{603D7ECE-0868-40C0-AACF-5220ED105471}.Release|x64.ActiveCfg = Release|Any CPU
		{603D7ECE-0868-40C0-AACF-5220ED105471}.Release|x64.Build.0 = Release|Any CPU
		{603D7ECE-0868-40C0-AACF-5220ED105471}.Release|x86.ActiveCfg = Release|Any CPU
		{603D7ECE-0868-40C0-AACF-5220ED105471}.Release|x86.Build.0 = Release|Any CPU
		{A2CBA4B0-6B30-4183-B167-69A99F34FC72}.Debug|Any CPU.ActiveCfg = Debug|Any CPU
		{A2CBA4B0-6B30-4183-B167-69A99F34FC72}.Debug|Any CPU.Build.0 = Debug|Any CPU
		{A2CBA4B0-6B30-4183-B167-69A99F34FC72}.Debug|x64.ActiveCfg = Debug|Any CPU
		{A2CBA4B0-6B30-4183-B167-69A99F34FC72}.Debug|x64.Build.0 = Debug|Any CPU
		{A2CBA4B0-6B30-4183-B167-69A99F34FC72}.Debug|x86.ActiveCfg = Debug|Any CPU
		{A2CBA4B0-6B30-4183-B167-69A99F34FC72}.Debug|x86.Build.0 = Debug|Any CPU
		{A2CBA4B0-6B30-4183-B167-69A99F34FC72}.Release|Any CPU.ActiveCfg = Release|Any CPU
		{A2CBA4B0-6B30-4183-B167-69A99F34FC72}.Release|Any CPU.Build.0 = Release|Any CPU
		{A2CBA4B0-6B30-4183-B167-69A99F34FC72}.Release|x64.ActiveCfg = Release|Any CPU
		{A2CBA4B0-6B30-4183-B167-69A99F34FC72}.Release|x64.Build.0 = Release|Any CPU
		{A2CBA4B0-6B30-4183-B167-69A99F34FC72}.Release|x86.ActiveCfg = Release|Any CPU
		{A2CBA4B0-6B30-4183-B167-69A99F34FC72}.Release|x86.Build.0 = Release|Any CPU
		{8BC42764-7D0C-4F18-8663-DB7C9F1734D5}.Debug|Any CPU.ActiveCfg = Debug|Any CPU
		{8BC42764-7D0C-4F18-8663-DB7C9F1734D5}.Debug|Any CPU.Build.0 = Debug|Any CPU
		{8BC42764-7D0C-4F18-8663-DB7C9F1734D5}.Debug|x64.ActiveCfg = Debug|Any CPU
		{8BC42764-7D0C-4F18-8663-DB7C9F1734D5}.Debug|x64.Build.0 = Debug|Any CPU
		{8BC42764-7D0C-4F18-8663-DB7C9F1734D5}.Debug|x86.ActiveCfg = Debug|Any CPU
		{8BC42764-7D0C-4F18-8663-DB7C9F1734D5}.Debug|x86.Build.0 = Debug|Any CPU
		{8BC42764-7D0C-4F18-8663-DB7C9F1734D5}.Release|Any CPU.ActiveCfg = Release|Any CPU
		{8BC42764-7D0C-4F18-8663-DB7C9F1734D5}.Release|Any CPU.Build.0 = Release|Any CPU
		{8BC42764-7D0C-4F18-8663-DB7C9F1734D5}.Release|x64.ActiveCfg = Release|Any CPU
		{8BC42764-7D0C-4F18-8663-DB7C9F1734D5}.Release|x64.Build.0 = Release|Any CPU
		{8BC42764-7D0C-4F18-8663-DB7C9F1734D5}.Release|x86.ActiveCfg = Release|Any CPU
		{8BC42764-7D0C-4F18-8663-DB7C9F1734D5}.Release|x86.Build.0 = Release|Any CPU
		{1800BAC6-F9A5-4C0E-9BB9-5B42A56B8852}.Debug|Any CPU.ActiveCfg = Debug|Any CPU
		{1800BAC6-F9A5-4C0E-9BB9-5B42A56B8852}.Debug|Any CPU.Build.0 = Debug|Any CPU
		{1800BAC6-F9A5-4C0E-9BB9-5B42A56B8852}.Debug|x64.ActiveCfg = Debug|Any CPU
		{1800BAC6-F9A5-4C0E-9BB9-5B42A56B8852}.Debug|x64.Build.0 = Debug|Any CPU
		{1800BAC6-F9A5-4C0E-9BB9-5B42A56B8852}.Debug|x86.ActiveCfg = Debug|Any CPU
		{1800BAC6-F9A5-4C0E-9BB9-5B42A56B8852}.Debug|x86.Build.0 = Debug|Any CPU
		{1800BAC6-F9A5-4C0E-9BB9-5B42A56B8852}.Release|Any CPU.ActiveCfg = Release|Any CPU
		{1800BAC6-F9A5-4C0E-9BB9-5B42A56B8852}.Release|Any CPU.Build.0 = Release|Any CPU
		{1800BAC6-F9A5-4C0E-9BB9-5B42A56B8852}.Release|x64.ActiveCfg = Release|Any CPU
		{1800BAC6-F9A5-4C0E-9BB9-5B42A56B8852}.Release|x64.Build.0 = Release|Any CPU
		{1800BAC6-F9A5-4C0E-9BB9-5B42A56B8852}.Release|x86.ActiveCfg = Release|Any CPU
		{1800BAC6-F9A5-4C0E-9BB9-5B42A56B8852}.Release|x86.Build.0 = Release|Any CPU
		{C48BA269-041E-4D17-A05C-BBC0C505B9C4}.Debug|Any CPU.ActiveCfg = Debug|Any CPU
		{C48BA269-041E-4D17-A05C-BBC0C505B9C4}.Debug|Any CPU.Build.0 = Debug|Any CPU
		{C48BA269-041E-4D17-A05C-BBC0C505B9C4}.Debug|x64.ActiveCfg = Debug|Any CPU
		{C48BA269-041E-4D17-A05C-BBC0C505B9C4}.Debug|x64.Build.0 = Debug|Any CPU
		{C48BA269-041E-4D17-A05C-BBC0C505B9C4}.Debug|x86.ActiveCfg = Debug|Any CPU
		{C48BA269-041E-4D17-A05C-BBC0C505B9C4}.Debug|x86.Build.0 = Debug|Any CPU
		{C48BA269-041E-4D17-A05C-BBC0C505B9C4}.Release|Any CPU.ActiveCfg = Release|Any CPU
		{C48BA269-041E-4D17-A05C-BBC0C505B9C4}.Release|Any CPU.Build.0 = Release|Any CPU
		{C48BA269-041E-4D17-A05C-BBC0C505B9C4}.Release|x64.ActiveCfg = Release|Any CPU
		{C48BA269-041E-4D17-A05C-BBC0C505B9C4}.Release|x64.Build.0 = Release|Any CPU
		{C48BA269-041E-4D17-A05C-BBC0C505B9C4}.Release|x86.ActiveCfg = Release|Any CPU
		{C48BA269-041E-4D17-A05C-BBC0C505B9C4}.Release|x86.Build.0 = Release|Any CPU
		{63826697-DA99-4729-A56B-2FCDBD9C0607}.Debug|Any CPU.ActiveCfg = Debug|Any CPU
		{63826697-DA99-4729-A56B-2FCDBD9C0607}.Debug|Any CPU.Build.0 = Debug|Any CPU
		{63826697-DA99-4729-A56B-2FCDBD9C0607}.Debug|x64.ActiveCfg = Debug|Any CPU
		{63826697-DA99-4729-A56B-2FCDBD9C0607}.Debug|x64.Build.0 = Debug|Any CPU
		{63826697-DA99-4729-A56B-2FCDBD9C0607}.Debug|x86.ActiveCfg = Debug|Any CPU
		{63826697-DA99-4729-A56B-2FCDBD9C0607}.Debug|x86.Build.0 = Debug|Any CPU
		{63826697-DA99-4729-A56B-2FCDBD9C0607}.Release|Any CPU.ActiveCfg = Release|Any CPU
		{63826697-DA99-4729-A56B-2FCDBD9C0607}.Release|Any CPU.Build.0 = Release|Any CPU
		{63826697-DA99-4729-A56B-2FCDBD9C0607}.Release|x64.ActiveCfg = Release|Any CPU
		{63826697-DA99-4729-A56B-2FCDBD9C0607}.Release|x64.Build.0 = Release|Any CPU
		{63826697-DA99-4729-A56B-2FCDBD9C0607}.Release|x86.ActiveCfg = Release|Any CPU
		{63826697-DA99-4729-A56B-2FCDBD9C0607}.Release|x86.Build.0 = Release|Any CPU
		{C9BAC943-31BB-43ED-AA81-02CCFF7A7885}.Debug|Any CPU.ActiveCfg = Debug|Any CPU
		{C9BAC943-31BB-43ED-AA81-02CCFF7A7885}.Debug|Any CPU.Build.0 = Debug|Any CPU
		{C9BAC943-31BB-43ED-AA81-02CCFF7A7885}.Debug|x64.ActiveCfg = Debug|Any CPU
		{C9BAC943-31BB-43ED-AA81-02CCFF7A7885}.Debug|x64.Build.0 = Debug|Any CPU
		{C9BAC943-31BB-43ED-AA81-02CCFF7A7885}.Debug|x86.ActiveCfg = Debug|Any CPU
		{C9BAC943-31BB-43ED-AA81-02CCFF7A7885}.Debug|x86.Build.0 = Debug|Any CPU
		{C9BAC943-31BB-43ED-AA81-02CCFF7A7885}.Release|Any CPU.ActiveCfg = Release|Any CPU
		{C9BAC943-31BB-43ED-AA81-02CCFF7A7885}.Release|Any CPU.Build.0 = Release|Any CPU
		{C9BAC943-31BB-43ED-AA81-02CCFF7A7885}.Release|x64.ActiveCfg = Release|Any CPU
		{C9BAC943-31BB-43ED-AA81-02CCFF7A7885}.Release|x64.Build.0 = Release|Any CPU
		{C9BAC943-31BB-43ED-AA81-02CCFF7A7885}.Release|x86.ActiveCfg = Release|Any CPU
		{C9BAC943-31BB-43ED-AA81-02CCFF7A7885}.Release|x86.Build.0 = Release|Any CPU
		{6F69487B-98F8-4745-8685-AADD7C35FFD0}.Debug|Any CPU.ActiveCfg = Debug|Any CPU
		{6F69487B-98F8-4745-8685-AADD7C35FFD0}.Debug|Any CPU.Build.0 = Debug|Any CPU
		{6F69487B-98F8-4745-8685-AADD7C35FFD0}.Debug|x64.ActiveCfg = Debug|Any CPU
		{6F69487B-98F8-4745-8685-AADD7C35FFD0}.Debug|x64.Build.0 = Debug|Any CPU
		{6F69487B-98F8-4745-8685-AADD7C35FFD0}.Debug|x86.ActiveCfg = Debug|Any CPU
		{6F69487B-98F8-4745-8685-AADD7C35FFD0}.Debug|x86.Build.0 = Debug|Any CPU
		{6F69487B-98F8-4745-8685-AADD7C35FFD0}.Release|Any CPU.ActiveCfg = Release|Any CPU
		{6F69487B-98F8-4745-8685-AADD7C35FFD0}.Release|Any CPU.Build.0 = Release|Any CPU
		{6F69487B-98F8-4745-8685-AADD7C35FFD0}.Release|x64.ActiveCfg = Release|Any CPU
		{6F69487B-98F8-4745-8685-AADD7C35FFD0}.Release|x64.Build.0 = Release|Any CPU
		{6F69487B-98F8-4745-8685-AADD7C35FFD0}.Release|x86.ActiveCfg = Release|Any CPU
		{6F69487B-98F8-4745-8685-AADD7C35FFD0}.Release|x86.Build.0 = Release|Any CPU
		{76565ADF-DF26-47F8-A43F-57C6EB53CE5D}.Debug|Any CPU.ActiveCfg = Debug|Any CPU
		{76565ADF-DF26-47F8-A43F-57C6EB53CE5D}.Debug|Any CPU.Build.0 = Debug|Any CPU
		{76565ADF-DF26-47F8-A43F-57C6EB53CE5D}.Debug|x64.ActiveCfg = Debug|Any CPU
		{76565ADF-DF26-47F8-A43F-57C6EB53CE5D}.Debug|x64.Build.0 = Debug|Any CPU
		{76565ADF-DF26-47F8-A43F-57C6EB53CE5D}.Debug|x86.ActiveCfg = Debug|Any CPU
		{76565ADF-DF26-47F8-A43F-57C6EB53CE5D}.Debug|x86.Build.0 = Debug|Any CPU
		{76565ADF-DF26-47F8-A43F-57C6EB53CE5D}.Release|Any CPU.ActiveCfg = Release|Any CPU
		{76565ADF-DF26-47F8-A43F-57C6EB53CE5D}.Release|Any CPU.Build.0 = Release|Any CPU
		{76565ADF-DF26-47F8-A43F-57C6EB53CE5D}.Release|x64.ActiveCfg = Release|Any CPU
		{76565ADF-DF26-47F8-A43F-57C6EB53CE5D}.Release|x64.Build.0 = Release|Any CPU
		{76565ADF-DF26-47F8-A43F-57C6EB53CE5D}.Release|x86.ActiveCfg = Release|Any CPU
		{76565ADF-DF26-47F8-A43F-57C6EB53CE5D}.Release|x86.Build.0 = Release|Any CPU
		{45B54216-B0A4-4D07-ACF9-D9046F9F2705}.Debug|Any CPU.ActiveCfg = Debug|Any CPU
		{45B54216-B0A4-4D07-ACF9-D9046F9F2705}.Debug|Any CPU.Build.0 = Debug|Any CPU
		{45B54216-B0A4-4D07-ACF9-D9046F9F2705}.Debug|x64.ActiveCfg = Debug|Any CPU
		{45B54216-B0A4-4D07-ACF9-D9046F9F2705}.Debug|x64.Build.0 = Debug|Any CPU
		{45B54216-B0A4-4D07-ACF9-D9046F9F2705}.Debug|x86.ActiveCfg = Debug|Any CPU
		{45B54216-B0A4-4D07-ACF9-D9046F9F2705}.Debug|x86.Build.0 = Debug|Any CPU
		{45B54216-B0A4-4D07-ACF9-D9046F9F2705}.Release|Any CPU.ActiveCfg = Release|Any CPU
		{45B54216-B0A4-4D07-ACF9-D9046F9F2705}.Release|Any CPU.Build.0 = Release|Any CPU
		{45B54216-B0A4-4D07-ACF9-D9046F9F2705}.Release|x64.ActiveCfg = Release|Any CPU
		{45B54216-B0A4-4D07-ACF9-D9046F9F2705}.Release|x64.Build.0 = Release|Any CPU
		{45B54216-B0A4-4D07-ACF9-D9046F9F2705}.Release|x86.ActiveCfg = Release|Any CPU
		{45B54216-B0A4-4D07-ACF9-D9046F9F2705}.Release|x86.Build.0 = Release|Any CPU
		{814CFDA5-35B5-46DE-984D-10507A2D91FD}.Debug|Any CPU.ActiveCfg = Debug|Any CPU
		{814CFDA5-35B5-46DE-984D-10507A2D91FD}.Debug|Any CPU.Build.0 = Debug|Any CPU
		{814CFDA5-35B5-46DE-984D-10507A2D91FD}.Debug|x64.ActiveCfg = Debug|Any CPU
		{814CFDA5-35B5-46DE-984D-10507A2D91FD}.Debug|x64.Build.0 = Debug|Any CPU
		{814CFDA5-35B5-46DE-984D-10507A2D91FD}.Debug|x86.ActiveCfg = Debug|Any CPU
		{814CFDA5-35B5-46DE-984D-10507A2D91FD}.Debug|x86.Build.0 = Debug|Any CPU
		{814CFDA5-35B5-46DE-984D-10507A2D91FD}.Release|Any CPU.ActiveCfg = Release|Any CPU
		{814CFDA5-35B5-46DE-984D-10507A2D91FD}.Release|Any CPU.Build.0 = Release|Any CPU
		{814CFDA5-35B5-46DE-984D-10507A2D91FD}.Release|x64.ActiveCfg = Release|Any CPU
		{814CFDA5-35B5-46DE-984D-10507A2D91FD}.Release|x64.Build.0 = Release|Any CPU
		{814CFDA5-35B5-46DE-984D-10507A2D91FD}.Release|x86.ActiveCfg = Release|Any CPU
		{814CFDA5-35B5-46DE-984D-10507A2D91FD}.Release|x86.Build.0 = Release|Any CPU
		{D245F49A-507D-4590-8F95-ADDA50642DB2}.Debug|Any CPU.ActiveCfg = Debug|Any CPU
		{D245F49A-507D-4590-8F95-ADDA50642DB2}.Debug|Any CPU.Build.0 = Debug|Any CPU
		{D245F49A-507D-4590-8F95-ADDA50642DB2}.Debug|x64.ActiveCfg = Debug|Any CPU
		{D245F49A-507D-4590-8F95-ADDA50642DB2}.Debug|x64.Build.0 = Debug|Any CPU
		{D245F49A-507D-4590-8F95-ADDA50642DB2}.Debug|x86.ActiveCfg = Debug|Any CPU
		{D245F49A-507D-4590-8F95-ADDA50642DB2}.Debug|x86.Build.0 = Debug|Any CPU
		{D245F49A-507D-4590-8F95-ADDA50642DB2}.Release|Any CPU.ActiveCfg = Release|Any CPU
		{D245F49A-507D-4590-8F95-ADDA50642DB2}.Release|Any CPU.Build.0 = Release|Any CPU
		{D245F49A-507D-4590-8F95-ADDA50642DB2}.Release|x64.ActiveCfg = Release|Any CPU
		{D245F49A-507D-4590-8F95-ADDA50642DB2}.Release|x64.Build.0 = Release|Any CPU
		{D245F49A-507D-4590-8F95-ADDA50642DB2}.Release|x86.ActiveCfg = Release|Any CPU
		{D245F49A-507D-4590-8F95-ADDA50642DB2}.Release|x86.Build.0 = Release|Any CPU
		{3AA1563E-4D6A-4FE4-BAB7-97E95F622AD0}.Debug|Any CPU.ActiveCfg = Debug|Any CPU
		{3AA1563E-4D6A-4FE4-BAB7-97E95F622AD0}.Debug|Any CPU.Build.0 = Debug|Any CPU
		{3AA1563E-4D6A-4FE4-BAB7-97E95F622AD0}.Debug|x64.ActiveCfg = Debug|Any CPU
		{3AA1563E-4D6A-4FE4-BAB7-97E95F622AD0}.Debug|x64.Build.0 = Debug|Any CPU
		{3AA1563E-4D6A-4FE4-BAB7-97E95F622AD0}.Debug|x86.ActiveCfg = Debug|Any CPU
		{3AA1563E-4D6A-4FE4-BAB7-97E95F622AD0}.Debug|x86.Build.0 = Debug|Any CPU
		{3AA1563E-4D6A-4FE4-BAB7-97E95F622AD0}.Release|Any CPU.ActiveCfg = Release|Any CPU
		{3AA1563E-4D6A-4FE4-BAB7-97E95F622AD0}.Release|Any CPU.Build.0 = Release|Any CPU
		{3AA1563E-4D6A-4FE4-BAB7-97E95F622AD0}.Release|x64.ActiveCfg = Release|Any CPU
		{3AA1563E-4D6A-4FE4-BAB7-97E95F622AD0}.Release|x64.Build.0 = Release|Any CPU
		{3AA1563E-4D6A-4FE4-BAB7-97E95F622AD0}.Release|x86.ActiveCfg = Release|Any CPU
		{3AA1563E-4D6A-4FE4-BAB7-97E95F622AD0}.Release|x86.Build.0 = Release|Any CPU
		{64AC7FC6-3E9E-4756-8504-D0D8DAC3B300}.Debug|Any CPU.ActiveCfg = Debug|Any CPU
		{64AC7FC6-3E9E-4756-8504-D0D8DAC3B300}.Debug|Any CPU.Build.0 = Debug|Any CPU
		{64AC7FC6-3E9E-4756-8504-D0D8DAC3B300}.Debug|x64.ActiveCfg = Debug|Any CPU
		{64AC7FC6-3E9E-4756-8504-D0D8DAC3B300}.Debug|x64.Build.0 = Debug|Any CPU
		{64AC7FC6-3E9E-4756-8504-D0D8DAC3B300}.Debug|x86.ActiveCfg = Debug|Any CPU
		{64AC7FC6-3E9E-4756-8504-D0D8DAC3B300}.Debug|x86.Build.0 = Debug|Any CPU
		{64AC7FC6-3E9E-4756-8504-D0D8DAC3B300}.Release|Any CPU.ActiveCfg = Release|Any CPU
		{64AC7FC6-3E9E-4756-8504-D0D8DAC3B300}.Release|Any CPU.Build.0 = Release|Any CPU
		{64AC7FC6-3E9E-4756-8504-D0D8DAC3B300}.Release|x64.ActiveCfg = Release|Any CPU
		{64AC7FC6-3E9E-4756-8504-D0D8DAC3B300}.Release|x64.Build.0 = Release|Any CPU
		{64AC7FC6-3E9E-4756-8504-D0D8DAC3B300}.Release|x86.ActiveCfg = Release|Any CPU
		{64AC7FC6-3E9E-4756-8504-D0D8DAC3B300}.Release|x86.Build.0 = Release|Any CPU
		{31D4DDCE-472A-4ECF-B6A2-0F1B34B14DFA}.Debug|Any CPU.ActiveCfg = Debug|Any CPU
		{31D4DDCE-472A-4ECF-B6A2-0F1B34B14DFA}.Debug|Any CPU.Build.0 = Debug|Any CPU
		{31D4DDCE-472A-4ECF-B6A2-0F1B34B14DFA}.Debug|x64.ActiveCfg = Debug|Any CPU
		{31D4DDCE-472A-4ECF-B6A2-0F1B34B14DFA}.Debug|x64.Build.0 = Debug|Any CPU
		{31D4DDCE-472A-4ECF-B6A2-0F1B34B14DFA}.Debug|x86.ActiveCfg = Debug|Any CPU
		{31D4DDCE-472A-4ECF-B6A2-0F1B34B14DFA}.Debug|x86.Build.0 = Debug|Any CPU
		{31D4DDCE-472A-4ECF-B6A2-0F1B34B14DFA}.Release|Any CPU.ActiveCfg = Release|Any CPU
		{31D4DDCE-472A-4ECF-B6A2-0F1B34B14DFA}.Release|Any CPU.Build.0 = Release|Any CPU
		{31D4DDCE-472A-4ECF-B6A2-0F1B34B14DFA}.Release|x64.ActiveCfg = Release|Any CPU
		{31D4DDCE-472A-4ECF-B6A2-0F1B34B14DFA}.Release|x64.Build.0 = Release|Any CPU
		{31D4DDCE-472A-4ECF-B6A2-0F1B34B14DFA}.Release|x86.ActiveCfg = Release|Any CPU
		{31D4DDCE-472A-4ECF-B6A2-0F1B34B14DFA}.Release|x86.Build.0 = Release|Any CPU
		{B5279766-5DAE-4257-87E7-E3821759A2F8}.Debug|Any CPU.ActiveCfg = Debug|Any CPU
		{B5279766-5DAE-4257-87E7-E3821759A2F8}.Debug|Any CPU.Build.0 = Debug|Any CPU
		{B5279766-5DAE-4257-87E7-E3821759A2F8}.Debug|x64.ActiveCfg = Debug|Any CPU
		{B5279766-5DAE-4257-87E7-E3821759A2F8}.Debug|x64.Build.0 = Debug|Any CPU
		{B5279766-5DAE-4257-87E7-E3821759A2F8}.Debug|x86.ActiveCfg = Debug|Any CPU
		{B5279766-5DAE-4257-87E7-E3821759A2F8}.Debug|x86.Build.0 = Debug|Any CPU
		{B5279766-5DAE-4257-87E7-E3821759A2F8}.Release|Any CPU.ActiveCfg = Release|Any CPU
		{B5279766-5DAE-4257-87E7-E3821759A2F8}.Release|Any CPU.Build.0 = Release|Any CPU
		{B5279766-5DAE-4257-87E7-E3821759A2F8}.Release|x64.ActiveCfg = Release|Any CPU
		{B5279766-5DAE-4257-87E7-E3821759A2F8}.Release|x64.Build.0 = Release|Any CPU
		{B5279766-5DAE-4257-87E7-E3821759A2F8}.Release|x86.ActiveCfg = Release|Any CPU
		{B5279766-5DAE-4257-87E7-E3821759A2F8}.Release|x86.Build.0 = Release|Any CPU
		{C7A251AA-1BD5-47D8-A61B-50D8C493223A}.Debug|Any CPU.ActiveCfg = Debug|Any CPU
		{C7A251AA-1BD5-47D8-A61B-50D8C493223A}.Debug|Any CPU.Build.0 = Debug|Any CPU
		{C7A251AA-1BD5-47D8-A61B-50D8C493223A}.Debug|x64.ActiveCfg = Debug|Any CPU
		{C7A251AA-1BD5-47D8-A61B-50D8C493223A}.Debug|x64.Build.0 = Debug|Any CPU
		{C7A251AA-1BD5-47D8-A61B-50D8C493223A}.Debug|x86.ActiveCfg = Debug|Any CPU
		{C7A251AA-1BD5-47D8-A61B-50D8C493223A}.Debug|x86.Build.0 = Debug|Any CPU
		{C7A251AA-1BD5-47D8-A61B-50D8C493223A}.Release|Any CPU.ActiveCfg = Release|Any CPU
		{C7A251AA-1BD5-47D8-A61B-50D8C493223A}.Release|Any CPU.Build.0 = Release|Any CPU
		{C7A251AA-1BD5-47D8-A61B-50D8C493223A}.Release|x64.ActiveCfg = Release|Any CPU
		{C7A251AA-1BD5-47D8-A61B-50D8C493223A}.Release|x64.Build.0 = Release|Any CPU
		{C7A251AA-1BD5-47D8-A61B-50D8C493223A}.Release|x86.ActiveCfg = Release|Any CPU
		{C7A251AA-1BD5-47D8-A61B-50D8C493223A}.Release|x86.Build.0 = Release|Any CPU
		{E5F0E0AD-421C-4F7F-B27C-5BCCCE3C9B08}.Debug|Any CPU.ActiveCfg = Debug|Any CPU
		{E5F0E0AD-421C-4F7F-B27C-5BCCCE3C9B08}.Debug|Any CPU.Build.0 = Debug|Any CPU
		{E5F0E0AD-421C-4F7F-B27C-5BCCCE3C9B08}.Debug|x64.ActiveCfg = Debug|Any CPU
		{E5F0E0AD-421C-4F7F-B27C-5BCCCE3C9B08}.Debug|x64.Build.0 = Debug|Any CPU
		{E5F0E0AD-421C-4F7F-B27C-5BCCCE3C9B08}.Debug|x86.ActiveCfg = Debug|Any CPU
		{E5F0E0AD-421C-4F7F-B27C-5BCCCE3C9B08}.Debug|x86.Build.0 = Debug|Any CPU
		{E5F0E0AD-421C-4F7F-B27C-5BCCCE3C9B08}.Release|Any CPU.ActiveCfg = Release|Any CPU
		{E5F0E0AD-421C-4F7F-B27C-5BCCCE3C9B08}.Release|Any CPU.Build.0 = Release|Any CPU
		{E5F0E0AD-421C-4F7F-B27C-5BCCCE3C9B08}.Release|x64.ActiveCfg = Release|Any CPU
		{E5F0E0AD-421C-4F7F-B27C-5BCCCE3C9B08}.Release|x64.Build.0 = Release|Any CPU
		{E5F0E0AD-421C-4F7F-B27C-5BCCCE3C9B08}.Release|x86.ActiveCfg = Release|Any CPU
		{E5F0E0AD-421C-4F7F-B27C-5BCCCE3C9B08}.Release|x86.Build.0 = Release|Any CPU
		{56963ED6-1042-4051-9513-43778059A01D}.Debug|Any CPU.ActiveCfg = Debug|Any CPU
		{56963ED6-1042-4051-9513-43778059A01D}.Debug|Any CPU.Build.0 = Debug|Any CPU
		{56963ED6-1042-4051-9513-43778059A01D}.Debug|x64.ActiveCfg = Debug|Any CPU
		{56963ED6-1042-4051-9513-43778059A01D}.Debug|x64.Build.0 = Debug|Any CPU
		{56963ED6-1042-4051-9513-43778059A01D}.Debug|x86.ActiveCfg = Debug|Any CPU
		{56963ED6-1042-4051-9513-43778059A01D}.Debug|x86.Build.0 = Debug|Any CPU
		{56963ED6-1042-4051-9513-43778059A01D}.Release|Any CPU.ActiveCfg = Release|Any CPU
		{56963ED6-1042-4051-9513-43778059A01D}.Release|Any CPU.Build.0 = Release|Any CPU
		{56963ED6-1042-4051-9513-43778059A01D}.Release|x64.ActiveCfg = Release|Any CPU
		{56963ED6-1042-4051-9513-43778059A01D}.Release|x64.Build.0 = Release|Any CPU
		{56963ED6-1042-4051-9513-43778059A01D}.Release|x86.ActiveCfg = Release|Any CPU
		{56963ED6-1042-4051-9513-43778059A01D}.Release|x86.Build.0 = Release|Any CPU
		{1DEE21A1-F89B-47CF-8971-6C28C0C0F1CF}.Debug|Any CPU.ActiveCfg = Debug|Any CPU
		{1DEE21A1-F89B-47CF-8971-6C28C0C0F1CF}.Debug|Any CPU.Build.0 = Debug|Any CPU
		{1DEE21A1-F89B-47CF-8971-6C28C0C0F1CF}.Debug|x64.ActiveCfg = Debug|Any CPU
		{1DEE21A1-F89B-47CF-8971-6C28C0C0F1CF}.Debug|x64.Build.0 = Debug|Any CPU
		{1DEE21A1-F89B-47CF-8971-6C28C0C0F1CF}.Debug|x86.ActiveCfg = Debug|Any CPU
		{1DEE21A1-F89B-47CF-8971-6C28C0C0F1CF}.Debug|x86.Build.0 = Debug|Any CPU
		{1DEE21A1-F89B-47CF-8971-6C28C0C0F1CF}.Release|Any CPU.ActiveCfg = Release|Any CPU
		{1DEE21A1-F89B-47CF-8971-6C28C0C0F1CF}.Release|Any CPU.Build.0 = Release|Any CPU
		{1DEE21A1-F89B-47CF-8971-6C28C0C0F1CF}.Release|x64.ActiveCfg = Release|Any CPU
		{1DEE21A1-F89B-47CF-8971-6C28C0C0F1CF}.Release|x64.Build.0 = Release|Any CPU
		{1DEE21A1-F89B-47CF-8971-6C28C0C0F1CF}.Release|x86.ActiveCfg = Release|Any CPU
		{1DEE21A1-F89B-47CF-8971-6C28C0C0F1CF}.Release|x86.Build.0 = Release|Any CPU
		{AF7F0D99-B8CF-48D7-9471-A5F91CB53B09}.Debug|Any CPU.ActiveCfg = Debug|Any CPU
		{AF7F0D99-B8CF-48D7-9471-A5F91CB53B09}.Debug|Any CPU.Build.0 = Debug|Any CPU
		{AF7F0D99-B8CF-48D7-9471-A5F91CB53B09}.Debug|x64.ActiveCfg = Debug|Any CPU
		{AF7F0D99-B8CF-48D7-9471-A5F91CB53B09}.Debug|x64.Build.0 = Debug|Any CPU
		{AF7F0D99-B8CF-48D7-9471-A5F91CB53B09}.Debug|x86.ActiveCfg = Debug|Any CPU
		{AF7F0D99-B8CF-48D7-9471-A5F91CB53B09}.Debug|x86.Build.0 = Debug|Any CPU
		{AF7F0D99-B8CF-48D7-9471-A5F91CB53B09}.Release|Any CPU.ActiveCfg = Release|Any CPU
		{AF7F0D99-B8CF-48D7-9471-A5F91CB53B09}.Release|Any CPU.Build.0 = Release|Any CPU
		{AF7F0D99-B8CF-48D7-9471-A5F91CB53B09}.Release|x64.ActiveCfg = Release|Any CPU
		{AF7F0D99-B8CF-48D7-9471-A5F91CB53B09}.Release|x64.Build.0 = Release|Any CPU
		{AF7F0D99-B8CF-48D7-9471-A5F91CB53B09}.Release|x86.ActiveCfg = Release|Any CPU
		{AF7F0D99-B8CF-48D7-9471-A5F91CB53B09}.Release|x86.Build.0 = Release|Any CPU
		{44546C43-8A6D-4C8F-901E-0C87DA596965}.Debug|Any CPU.ActiveCfg = Debug|Any CPU
		{44546C43-8A6D-4C8F-901E-0C87DA596965}.Debug|Any CPU.Build.0 = Debug|Any CPU
		{44546C43-8A6D-4C8F-901E-0C87DA596965}.Debug|x64.ActiveCfg = Debug|Any CPU
		{44546C43-8A6D-4C8F-901E-0C87DA596965}.Debug|x64.Build.0 = Debug|Any CPU
		{44546C43-8A6D-4C8F-901E-0C87DA596965}.Debug|x86.ActiveCfg = Debug|Any CPU
		{44546C43-8A6D-4C8F-901E-0C87DA596965}.Debug|x86.Build.0 = Debug|Any CPU
		{44546C43-8A6D-4C8F-901E-0C87DA596965}.Release|Any CPU.ActiveCfg = Release|Any CPU
		{44546C43-8A6D-4C8F-901E-0C87DA596965}.Release|Any CPU.Build.0 = Release|Any CPU
		{44546C43-8A6D-4C8F-901E-0C87DA596965}.Release|x64.ActiveCfg = Release|Any CPU
		{44546C43-8A6D-4C8F-901E-0C87DA596965}.Release|x64.Build.0 = Release|Any CPU
		{44546C43-8A6D-4C8F-901E-0C87DA596965}.Release|x86.ActiveCfg = Release|Any CPU
		{44546C43-8A6D-4C8F-901E-0C87DA596965}.Release|x86.Build.0 = Release|Any CPU
		{3F55C053-430A-438A-BB1C-8D39E363B8AF}.Debug|Any CPU.ActiveCfg = Debug|Any CPU
		{3F55C053-430A-438A-BB1C-8D39E363B8AF}.Debug|Any CPU.Build.0 = Debug|Any CPU
		{3F55C053-430A-438A-BB1C-8D39E363B8AF}.Debug|x64.ActiveCfg = Debug|Any CPU
		{3F55C053-430A-438A-BB1C-8D39E363B8AF}.Debug|x64.Build.0 = Debug|Any CPU
		{3F55C053-430A-438A-BB1C-8D39E363B8AF}.Debug|x86.ActiveCfg = Debug|Any CPU
		{3F55C053-430A-438A-BB1C-8D39E363B8AF}.Debug|x86.Build.0 = Debug|Any CPU
		{3F55C053-430A-438A-BB1C-8D39E363B8AF}.Release|Any CPU.ActiveCfg = Release|Any CPU
		{3F55C053-430A-438A-BB1C-8D39E363B8AF}.Release|Any CPU.Build.0 = Release|Any CPU
		{3F55C053-430A-438A-BB1C-8D39E363B8AF}.Release|x64.ActiveCfg = Release|Any CPU
		{3F55C053-430A-438A-BB1C-8D39E363B8AF}.Release|x64.Build.0 = Release|Any CPU
		{3F55C053-430A-438A-BB1C-8D39E363B8AF}.Release|x86.ActiveCfg = Release|Any CPU
		{3F55C053-430A-438A-BB1C-8D39E363B8AF}.Release|x86.Build.0 = Release|Any CPU
		{F482D324-1F7C-4D2A-8124-F456ABE58644}.Debug|Any CPU.ActiveCfg = Debug|Any CPU
		{F482D324-1F7C-4D2A-8124-F456ABE58644}.Debug|Any CPU.Build.0 = Debug|Any CPU
		{F482D324-1F7C-4D2A-8124-F456ABE58644}.Debug|x64.ActiveCfg = Debug|Any CPU
		{F482D324-1F7C-4D2A-8124-F456ABE58644}.Debug|x64.Build.0 = Debug|Any CPU
		{F482D324-1F7C-4D2A-8124-F456ABE58644}.Debug|x86.ActiveCfg = Debug|Any CPU
		{F482D324-1F7C-4D2A-8124-F456ABE58644}.Debug|x86.Build.0 = Debug|Any CPU
		{F482D324-1F7C-4D2A-8124-F456ABE58644}.Release|Any CPU.ActiveCfg = Release|Any CPU
		{F482D324-1F7C-4D2A-8124-F456ABE58644}.Release|Any CPU.Build.0 = Release|Any CPU
		{F482D324-1F7C-4D2A-8124-F456ABE58644}.Release|x64.ActiveCfg = Release|Any CPU
		{F482D324-1F7C-4D2A-8124-F456ABE58644}.Release|x64.Build.0 = Release|Any CPU
		{F482D324-1F7C-4D2A-8124-F456ABE58644}.Release|x86.ActiveCfg = Release|Any CPU
		{F482D324-1F7C-4D2A-8124-F456ABE58644}.Release|x86.Build.0 = Release|Any CPU
		{50B87146-54CF-4B91-B359-F299B90835E6}.Debug|Any CPU.ActiveCfg = Debug|Any CPU
		{50B87146-54CF-4B91-B359-F299B90835E6}.Debug|Any CPU.Build.0 = Debug|Any CPU
		{50B87146-54CF-4B91-B359-F299B90835E6}.Debug|x64.ActiveCfg = Debug|Any CPU
		{50B87146-54CF-4B91-B359-F299B90835E6}.Debug|x64.Build.0 = Debug|Any CPU
		{50B87146-54CF-4B91-B359-F299B90835E6}.Debug|x86.ActiveCfg = Debug|Any CPU
		{50B87146-54CF-4B91-B359-F299B90835E6}.Debug|x86.Build.0 = Debug|Any CPU
		{50B87146-54CF-4B91-B359-F299B90835E6}.Release|Any CPU.ActiveCfg = Release|Any CPU
		{50B87146-54CF-4B91-B359-F299B90835E6}.Release|Any CPU.Build.0 = Release|Any CPU
		{50B87146-54CF-4B91-B359-F299B90835E6}.Release|x64.ActiveCfg = Release|Any CPU
		{50B87146-54CF-4B91-B359-F299B90835E6}.Release|x64.Build.0 = Release|Any CPU
		{50B87146-54CF-4B91-B359-F299B90835E6}.Release|x86.ActiveCfg = Release|Any CPU
		{50B87146-54CF-4B91-B359-F299B90835E6}.Release|x86.Build.0 = Release|Any CPU
		{F8EF807E-85E5-4FA8-98C3-536ABBEF4276}.Debug|Any CPU.ActiveCfg = Debug|Any CPU
		{F8EF807E-85E5-4FA8-98C3-536ABBEF4276}.Debug|Any CPU.Build.0 = Debug|Any CPU
		{F8EF807E-85E5-4FA8-98C3-536ABBEF4276}.Debug|x64.ActiveCfg = Debug|Any CPU
		{F8EF807E-85E5-4FA8-98C3-536ABBEF4276}.Debug|x64.Build.0 = Debug|Any CPU
		{F8EF807E-85E5-4FA8-98C3-536ABBEF4276}.Debug|x86.ActiveCfg = Debug|Any CPU
		{F8EF807E-85E5-4FA8-98C3-536ABBEF4276}.Debug|x86.Build.0 = Debug|Any CPU
		{F8EF807E-85E5-4FA8-98C3-536ABBEF4276}.Release|Any CPU.ActiveCfg = Release|Any CPU
		{F8EF807E-85E5-4FA8-98C3-536ABBEF4276}.Release|Any CPU.Build.0 = Release|Any CPU
		{F8EF807E-85E5-4FA8-98C3-536ABBEF4276}.Release|x64.ActiveCfg = Release|Any CPU
		{F8EF807E-85E5-4FA8-98C3-536ABBEF4276}.Release|x64.Build.0 = Release|Any CPU
		{F8EF807E-85E5-4FA8-98C3-536ABBEF4276}.Release|x86.ActiveCfg = Release|Any CPU
		{F8EF807E-85E5-4FA8-98C3-536ABBEF4276}.Release|x86.Build.0 = Release|Any CPU
		{ACF4C334-D48B-46D2-B5A1-681115067748}.Debug|Any CPU.ActiveCfg = Debug|Any CPU
		{ACF4C334-D48B-46D2-B5A1-681115067748}.Debug|Any CPU.Build.0 = Debug|Any CPU
		{ACF4C334-D48B-46D2-B5A1-681115067748}.Debug|x64.ActiveCfg = Debug|Any CPU
		{ACF4C334-D48B-46D2-B5A1-681115067748}.Debug|x64.Build.0 = Debug|Any CPU
		{ACF4C334-D48B-46D2-B5A1-681115067748}.Debug|x86.ActiveCfg = Debug|Any CPU
		{ACF4C334-D48B-46D2-B5A1-681115067748}.Debug|x86.Build.0 = Debug|Any CPU
		{ACF4C334-D48B-46D2-B5A1-681115067748}.Release|Any CPU.ActiveCfg = Release|Any CPU
		{ACF4C334-D48B-46D2-B5A1-681115067748}.Release|Any CPU.Build.0 = Release|Any CPU
		{ACF4C334-D48B-46D2-B5A1-681115067748}.Release|x64.ActiveCfg = Release|Any CPU
		{ACF4C334-D48B-46D2-B5A1-681115067748}.Release|x64.Build.0 = Release|Any CPU
		{ACF4C334-D48B-46D2-B5A1-681115067748}.Release|x86.ActiveCfg = Release|Any CPU
		{ACF4C334-D48B-46D2-B5A1-681115067748}.Release|x86.Build.0 = Release|Any CPU
		{CA011075-6748-4EB4-9C72-C8FD7319FEFD}.Debug|Any CPU.ActiveCfg = Debug|Any CPU
		{CA011075-6748-4EB4-9C72-C8FD7319FEFD}.Debug|Any CPU.Build.0 = Debug|Any CPU
		{CA011075-6748-4EB4-9C72-C8FD7319FEFD}.Debug|x64.ActiveCfg = Debug|Any CPU
		{CA011075-6748-4EB4-9C72-C8FD7319FEFD}.Debug|x64.Build.0 = Debug|Any CPU
		{CA011075-6748-4EB4-9C72-C8FD7319FEFD}.Debug|x86.ActiveCfg = Debug|Any CPU
		{CA011075-6748-4EB4-9C72-C8FD7319FEFD}.Debug|x86.Build.0 = Debug|Any CPU
		{CA011075-6748-4EB4-9C72-C8FD7319FEFD}.Release|Any CPU.ActiveCfg = Release|Any CPU
		{CA011075-6748-4EB4-9C72-C8FD7319FEFD}.Release|Any CPU.Build.0 = Release|Any CPU
		{CA011075-6748-4EB4-9C72-C8FD7319FEFD}.Release|x64.ActiveCfg = Release|Any CPU
		{CA011075-6748-4EB4-9C72-C8FD7319FEFD}.Release|x64.Build.0 = Release|Any CPU
		{CA011075-6748-4EB4-9C72-C8FD7319FEFD}.Release|x86.ActiveCfg = Release|Any CPU
		{CA011075-6748-4EB4-9C72-C8FD7319FEFD}.Release|x86.Build.0 = Release|Any CPU
		{95D73C6A-B81E-44A3-9376-9CFEFDE3B314}.Debug|Any CPU.ActiveCfg = Debug|Any CPU
		{95D73C6A-B81E-44A3-9376-9CFEFDE3B314}.Debug|Any CPU.Build.0 = Debug|Any CPU
		{95D73C6A-B81E-44A3-9376-9CFEFDE3B314}.Debug|x64.ActiveCfg = Debug|Any CPU
		{95D73C6A-B81E-44A3-9376-9CFEFDE3B314}.Debug|x64.Build.0 = Debug|Any CPU
		{95D73C6A-B81E-44A3-9376-9CFEFDE3B314}.Debug|x86.ActiveCfg = Debug|Any CPU
		{95D73C6A-B81E-44A3-9376-9CFEFDE3B314}.Debug|x86.Build.0 = Debug|Any CPU
		{95D73C6A-B81E-44A3-9376-9CFEFDE3B314}.Release|Any CPU.ActiveCfg = Release|Any CPU
		{95D73C6A-B81E-44A3-9376-9CFEFDE3B314}.Release|Any CPU.Build.0 = Release|Any CPU
		{95D73C6A-B81E-44A3-9376-9CFEFDE3B314}.Release|x64.ActiveCfg = Release|Any CPU
		{95D73C6A-B81E-44A3-9376-9CFEFDE3B314}.Release|x64.Build.0 = Release|Any CPU
		{95D73C6A-B81E-44A3-9376-9CFEFDE3B314}.Release|x86.ActiveCfg = Release|Any CPU
		{95D73C6A-B81E-44A3-9376-9CFEFDE3B314}.Release|x86.Build.0 = Release|Any CPU
		{2BF13E3A-B54D-4352-812E-9A867A801FFE}.Debug|Any CPU.ActiveCfg = Debug|Any CPU
		{2BF13E3A-B54D-4352-812E-9A867A801FFE}.Debug|Any CPU.Build.0 = Debug|Any CPU
		{2BF13E3A-B54D-4352-812E-9A867A801FFE}.Debug|x64.ActiveCfg = Debug|Any CPU
		{2BF13E3A-B54D-4352-812E-9A867A801FFE}.Debug|x64.Build.0 = Debug|Any CPU
		{2BF13E3A-B54D-4352-812E-9A867A801FFE}.Debug|x86.ActiveCfg = Debug|Any CPU
		{2BF13E3A-B54D-4352-812E-9A867A801FFE}.Debug|x86.Build.0 = Debug|Any CPU
		{2BF13E3A-B54D-4352-812E-9A867A801FFE}.Release|Any CPU.ActiveCfg = Release|Any CPU
		{2BF13E3A-B54D-4352-812E-9A867A801FFE}.Release|Any CPU.Build.0 = Release|Any CPU
		{2BF13E3A-B54D-4352-812E-9A867A801FFE}.Release|x64.ActiveCfg = Release|Any CPU
		{2BF13E3A-B54D-4352-812E-9A867A801FFE}.Release|x64.Build.0 = Release|Any CPU
		{2BF13E3A-B54D-4352-812E-9A867A801FFE}.Release|x86.ActiveCfg = Release|Any CPU
		{2BF13E3A-B54D-4352-812E-9A867A801FFE}.Release|x86.Build.0 = Release|Any CPU
		{F4B0F77A-4EF0-40A9-B1C0-9294B397BA36}.Debug|Any CPU.ActiveCfg = Debug|Any CPU
		{F4B0F77A-4EF0-40A9-B1C0-9294B397BA36}.Debug|Any CPU.Build.0 = Debug|Any CPU
		{F4B0F77A-4EF0-40A9-B1C0-9294B397BA36}.Debug|x64.ActiveCfg = Debug|Any CPU
		{F4B0F77A-4EF0-40A9-B1C0-9294B397BA36}.Debug|x64.Build.0 = Debug|Any CPU
		{F4B0F77A-4EF0-40A9-B1C0-9294B397BA36}.Debug|x86.ActiveCfg = Debug|Any CPU
		{F4B0F77A-4EF0-40A9-B1C0-9294B397BA36}.Debug|x86.Build.0 = Debug|Any CPU
		{F4B0F77A-4EF0-40A9-B1C0-9294B397BA36}.Release|Any CPU.ActiveCfg = Release|Any CPU
		{F4B0F77A-4EF0-40A9-B1C0-9294B397BA36}.Release|Any CPU.Build.0 = Release|Any CPU
		{F4B0F77A-4EF0-40A9-B1C0-9294B397BA36}.Release|x64.ActiveCfg = Release|Any CPU
		{F4B0F77A-4EF0-40A9-B1C0-9294B397BA36}.Release|x64.Build.0 = Release|Any CPU
		{F4B0F77A-4EF0-40A9-B1C0-9294B397BA36}.Release|x86.ActiveCfg = Release|Any CPU
		{F4B0F77A-4EF0-40A9-B1C0-9294B397BA36}.Release|x86.Build.0 = Release|Any CPU
		{B22E25BC-36A8-450B-A67A-9BC0CFDD4F52}.Debug|Any CPU.ActiveCfg = Debug|Any CPU
		{B22E25BC-36A8-450B-A67A-9BC0CFDD4F52}.Debug|Any CPU.Build.0 = Debug|Any CPU
		{B22E25BC-36A8-450B-A67A-9BC0CFDD4F52}.Debug|x64.ActiveCfg = Debug|Any CPU
		{B22E25BC-36A8-450B-A67A-9BC0CFDD4F52}.Debug|x64.Build.0 = Debug|Any CPU
		{B22E25BC-36A8-450B-A67A-9BC0CFDD4F52}.Debug|x86.ActiveCfg = Debug|Any CPU
		{B22E25BC-36A8-450B-A67A-9BC0CFDD4F52}.Debug|x86.Build.0 = Debug|Any CPU
		{B22E25BC-36A8-450B-A67A-9BC0CFDD4F52}.Release|Any CPU.ActiveCfg = Release|Any CPU
		{B22E25BC-36A8-450B-A67A-9BC0CFDD4F52}.Release|Any CPU.Build.0 = Release|Any CPU
		{B22E25BC-36A8-450B-A67A-9BC0CFDD4F52}.Release|x64.ActiveCfg = Release|Any CPU
		{B22E25BC-36A8-450B-A67A-9BC0CFDD4F52}.Release|x64.Build.0 = Release|Any CPU
		{B22E25BC-36A8-450B-A67A-9BC0CFDD4F52}.Release|x86.ActiveCfg = Release|Any CPU
		{B22E25BC-36A8-450B-A67A-9BC0CFDD4F52}.Release|x86.Build.0 = Release|Any CPU
		{41724831-C0CC-4AF4-A869-7AB5AFB9F33C}.Debug|Any CPU.ActiveCfg = Debug|Any CPU
		{41724831-C0CC-4AF4-A869-7AB5AFB9F33C}.Debug|Any CPU.Build.0 = Debug|Any CPU
		{41724831-C0CC-4AF4-A869-7AB5AFB9F33C}.Debug|x64.ActiveCfg = Debug|Any CPU
		{41724831-C0CC-4AF4-A869-7AB5AFB9F33C}.Debug|x64.Build.0 = Debug|Any CPU
		{41724831-C0CC-4AF4-A869-7AB5AFB9F33C}.Debug|x86.ActiveCfg = Debug|Any CPU
		{41724831-C0CC-4AF4-A869-7AB5AFB9F33C}.Debug|x86.Build.0 = Debug|Any CPU
		{41724831-C0CC-4AF4-A869-7AB5AFB9F33C}.Release|Any CPU.ActiveCfg = Release|Any CPU
		{41724831-C0CC-4AF4-A869-7AB5AFB9F33C}.Release|Any CPU.Build.0 = Release|Any CPU
		{41724831-C0CC-4AF4-A869-7AB5AFB9F33C}.Release|x64.ActiveCfg = Release|Any CPU
		{41724831-C0CC-4AF4-A869-7AB5AFB9F33C}.Release|x64.Build.0 = Release|Any CPU
		{41724831-C0CC-4AF4-A869-7AB5AFB9F33C}.Release|x86.ActiveCfg = Release|Any CPU
		{41724831-C0CC-4AF4-A869-7AB5AFB9F33C}.Release|x86.Build.0 = Release|Any CPU
	EndGlobalSection
	GlobalSection(SolutionProperties) = preSolution
		HideSolutionNode = FALSE
	EndGlobalSection
	GlobalSection(NestedProjects) = preSolution
		{1AC7EC46-8FC5-49F8-B995-DA35263AB53F} = {648D3BB6-201F-401B-9EF9-D7BBBC6D3ECA}
		{11E06A11-1733-408D-BB2F-BFA07075F812} = {648D3BB6-201F-401B-9EF9-D7BBBC6D3ECA}
		{3E5295F8-A196-466B-A857-177AB6EF6E04} = {11E06A11-1733-408D-BB2F-BFA07075F812}
		{6AEF3A6E-01EF-4729-8EF1-647A27347B1E} = {11E06A11-1733-408D-BB2F-BFA07075F812}
		{11F2CB14-D92A-484F-9C1E-2836B1B04DB8} = {648D3BB6-201F-401B-9EF9-D7BBBC6D3ECA}
		{7EEC51ED-5483-4A27-93B5-FCD920493604} = {11F2CB14-D92A-484F-9C1E-2836B1B04DB8}
		{1E9E25BA-F756-40EA-82EE-507D9D53C30A} = {11F2CB14-D92A-484F-9C1E-2836B1B04DB8}
		{53D45048-C7C6-4D04-A9DA-8B8271510F99} = {648D3BB6-201F-401B-9EF9-D7BBBC6D3ECA}
		{01A2A5A4-E453-4658-92F1-D57C00B16DA0} = {53D45048-C7C6-4D04-A9DA-8B8271510F99}
		{7DEB3535-5A2A-468A-A626-11B668C53AE0} = {11E06A11-1733-408D-BB2F-BFA07075F812}
		{A31B73D3-C075-4510-A504-A1DC0832D006} = {11F2CB14-D92A-484F-9C1E-2836B1B04DB8}
		{26FCE328-9B37-4A51-9C87-87D6628907E0} = {6ED7E28F-0556-471C-8AD1-5BB0941411DD}
		{6ED7E28F-0556-471C-8AD1-5BB0941411DD} = {FF48793C-2AC5-4FAA-9BA1-44448E3A7F98}
		{EC3A4303-A792-41AF-A354-4D8482411457} = {11E06A11-1733-408D-BB2F-BFA07075F812}
		{644CBF86-C2D7-4B00-94BB-BDBC02830611} = {11E06A11-1733-408D-BB2F-BFA07075F812}
		{B4C796F6-A40D-4313-9B37-DD909C90BE63} = {11E06A11-1733-408D-BB2F-BFA07075F812}
		{603D7ECE-0868-40C0-AACF-5220ED105471} = {11E06A11-1733-408D-BB2F-BFA07075F812}
		{A2CBA4B0-6B30-4183-B167-69A99F34FC72} = {11E06A11-1733-408D-BB2F-BFA07075F812}
		{8BC42764-7D0C-4F18-8663-DB7C9F1734D5} = {53D45048-C7C6-4D04-A9DA-8B8271510F99}
		{1800BAC6-F9A5-4C0E-9BB9-5B42A56B8852} = {53D45048-C7C6-4D04-A9DA-8B8271510F99}
		{C48BA269-041E-4D17-A05C-BBC0C505B9C4} = {FF48793C-2AC5-4FAA-9BA1-44448E3A7F98}
		{63826697-DA99-4729-A56B-2FCDBD9C0607} = {FF48793C-2AC5-4FAA-9BA1-44448E3A7F98}
		{C9BAC943-31BB-43ED-AA81-02CCFF7A7885} = {FF48793C-2AC5-4FAA-9BA1-44448E3A7F98}
		{6F69487B-98F8-4745-8685-AADD7C35FFD0} = {FF48793C-2AC5-4FAA-9BA1-44448E3A7F98}
		{76565ADF-DF26-47F8-A43F-57C6EB53CE5D} = {FF48793C-2AC5-4FAA-9BA1-44448E3A7F98}
		{45B54216-B0A4-4D07-ACF9-D9046F9F2705} = {11E06A11-1733-408D-BB2F-BFA07075F812}
		{814CFDA5-35B5-46DE-984D-10507A2D91FD} = {11E06A11-1733-408D-BB2F-BFA07075F812}
		{D245F49A-507D-4590-8F95-ADDA50642DB2} = {11E06A11-1733-408D-BB2F-BFA07075F812}
		{41CE6E12-92B4-4CF5-9D9C-C214C41CA8FE} = {FF48793C-2AC5-4FAA-9BA1-44448E3A7F98}
		{3AA1563E-4D6A-4FE4-BAB7-97E95F622AD0} = {41CE6E12-92B4-4CF5-9D9C-C214C41CA8FE}
		{64AC7FC6-3E9E-4756-8504-D0D8DAC3B300} = {11E06A11-1733-408D-BB2F-BFA07075F812}
		{31D4DDCE-472A-4ECF-B6A2-0F1B34B14DFA} = {11E06A11-1733-408D-BB2F-BFA07075F812}
		{B5279766-5DAE-4257-87E7-E3821759A2F8} = {11E06A11-1733-408D-BB2F-BFA07075F812}
		{C7A251AA-1BD5-47D8-A61B-50D8C493223A} = {BF1EDFA5-0129-416C-B9ED-8CE68A3FD526}
		{E5F0E0AD-421C-4F7F-B27C-5BCCCE3C9B08} = {11E06A11-1733-408D-BB2F-BFA07075F812}
		{56963ED6-1042-4051-9513-43778059A01D} = {11E06A11-1733-408D-BB2F-BFA07075F812}
		{1DEE21A1-F89B-47CF-8971-6C28C0C0F1CF} = {6ED7E28F-0556-471C-8AD1-5BB0941411DD}
		{AF7F0D99-B8CF-48D7-9471-A5F91CB53B09} = {FF48793C-2AC5-4FAA-9BA1-44448E3A7F98}
		{44546C43-8A6D-4C8F-901E-0C87DA596965} = {6ED7E28F-0556-471C-8AD1-5BB0941411DD}
		{3F55C053-430A-438A-BB1C-8D39E363B8AF} = {6ED7E28F-0556-471C-8AD1-5BB0941411DD}
		{574156BC-2074-47C9-8EA8-70DED6658DD5} = {648D3BB6-201F-401B-9EF9-D7BBBC6D3ECA}
		{F482D324-1F7C-4D2A-8124-F456ABE58644} = {574156BC-2074-47C9-8EA8-70DED6658DD5}
		{50B87146-54CF-4B91-B359-F299B90835E6} = {574156BC-2074-47C9-8EA8-70DED6658DD5}
		{F8EF807E-85E5-4FA8-98C3-536ABBEF4276} = {53D45048-C7C6-4D04-A9DA-8B8271510F99}
		{ACF4C334-D48B-46D2-B5A1-681115067748} = {53D45048-C7C6-4D04-A9DA-8B8271510F99}
		{CA011075-6748-4EB4-9C72-C8FD7319FEFD} = {53D45048-C7C6-4D04-A9DA-8B8271510F99}
		{95D73C6A-B81E-44A3-9376-9CFEFDE3B314} = {53D45048-C7C6-4D04-A9DA-8B8271510F99}
		{93A678A8-93E4-4F53-BF83-22801014F27B} = {FF48793C-2AC5-4FAA-9BA1-44448E3A7F98}
		{2BF13E3A-B54D-4352-812E-9A867A801FFE} = {93A678A8-93E4-4F53-BF83-22801014F27B}
		{F4B0F77A-4EF0-40A9-B1C0-9294B397BA36} = {53D45048-C7C6-4D04-A9DA-8B8271510F99}
		{B22E25BC-36A8-450B-A67A-9BC0CFDD4F52} = {11E06A11-1733-408D-BB2F-BFA07075F812}
		{41724831-C0CC-4AF4-A869-7AB5AFB9F33C} = {6ED7E28F-0556-471C-8AD1-5BB0941411DD}
	EndGlobalSection
	GlobalSection(ExtensibilityGlobals) = postSolution
		SolutionGuid = {C6926E60-1F5A-4B05-B835-B1021FBE07C5}
	EndGlobalSection
EndGlobal
