
Microsoft Visual Studio Solution File, Format Version 12.00
# Visual Studio 15
VisualStudioVersion = 15.0.26124.0
MinimumVisualStudioVersion = 15.0.26124.0
Project("{2150E333-8FDC-42A3-9474-1A3956D46DE8}") = "src", "src", "{648D3BB6-201F-401B-9EF9-D7BBBC6D3ECA}"
EndProject
Project("{9A19103F-16F7-4668-BE54-9A1E7A4F7556}") = "OSOCE.Web", "src\OSOCE.Web\OSOCE.Web.csproj", "{5E92990A-F846-45E6-9A8C-8A66CFF2E6D4}"
EndProject
Project("{2150E333-8FDC-42A3-9474-1A3956D46DE8}") = "Solution Items", "Solution Items", "{8B131E3B-202B-486D-A3A4-CB84AC4C3370}"
	ProjectSection(SolutionItems) = preProject
		.hgignore = .hgignore
		nuget.config = nuget.config
	EndProjectSection
EndProject
Global
	GlobalSection(SolutionConfigurationPlatforms) = preSolution
		Debug|Any CPU = Debug|Any CPU
		Debug|x64 = Debug|x64
		Debug|x86 = Debug|x86
		Release|Any CPU = Release|Any CPU
		Release|x64 = Release|x64
		Release|x86 = Release|x86
	EndGlobalSection
	GlobalSection(ProjectConfigurationPlatforms) = postSolution
		{5E92990A-F846-45E6-9A8C-8A66CFF2E6D4}.Debug|Any CPU.ActiveCfg = Debug|Any CPU
		{5E92990A-F846-45E6-9A8C-8A66CFF2E6D4}.Debug|Any CPU.Build.0 = Debug|Any CPU
		{5E92990A-F846-45E6-9A8C-8A66CFF2E6D4}.Debug|x64.ActiveCfg = Debug|Any CPU
		{5E92990A-F846-45E6-9A8C-8A66CFF2E6D4}.Debug|x64.Build.0 = Debug|Any CPU
		{5E92990A-F846-45E6-9A8C-8A66CFF2E6D4}.Debug|x86.ActiveCfg = Debug|Any CPU
		{5E92990A-F846-45E6-9A8C-8A66CFF2E6D4}.Debug|x86.Build.0 = Debug|Any CPU
		{5E92990A-F846-45E6-9A8C-8A66CFF2E6D4}.Release|Any CPU.ActiveCfg = Release|Any CPU
		{5E92990A-F846-45E6-9A8C-8A66CFF2E6D4}.Release|Any CPU.Build.0 = Release|Any CPU
		{5E92990A-F846-45E6-9A8C-8A66CFF2E6D4}.Release|x64.ActiveCfg = Release|Any CPU
		{5E92990A-F846-45E6-9A8C-8A66CFF2E6D4}.Release|x64.Build.0 = Release|Any CPU
		{5E92990A-F846-45E6-9A8C-8A66CFF2E6D4}.Release|x86.ActiveCfg = Release|Any CPU
		{5E92990A-F846-45E6-9A8C-8A66CFF2E6D4}.Release|x86.Build.0 = Release|Any CPU
	EndGlobalSection
	GlobalSection(SolutionProperties) = preSolution
		HideSolutionNode = FALSE
	EndGlobalSection
	GlobalSection(NestedProjects) = preSolution
		{5E92990A-F846-45E6-9A8C-8A66CFF2E6D4} = {648D3BB6-201F-401B-9EF9-D7BBBC6D3ECA}
	EndGlobalSection
	GlobalSection(ExtensibilityGlobals) = postSolution
		SolutionGuid = {C6926E60-1F5A-4B05-B835-B1021FBE07C5}
	EndGlobalSection
EndGlobal
