
Microsoft Visual Studio Solution File, Format Version 12.00
# Visual Studio Version 17
VisualStudioVersion = 17.0.32112.339
MinimumVisualStudioVersion = 10.0.40219.1
Project("{2150E333-8FDC-42A3-9474-1A3956D46DE8}") = "src", "src", "{B9D4219F-B537-4665-8679-6E10C29ED62E}"
EndProject
Project("{9A19103F-16F7-4668-BE54-9A1E7A4F7556}") = "Lombiq.OSOCE.NuGet.Web", "src\Lombiq.OSOCE.NuGet.Web\Lombiq.OSOCE.NuGet.Web.csproj", "{19070D2C-F81F-48EA-B44D-EEDF77026EE0}"
EndProject
Project("{2150E333-8FDC-42A3-9474-1A3956D46DE8}") = "Modules", "Modules", "{F9DBFB48-5868-4C99-83AE-41E36E2284C5}"
EndProject
Project("{9A19103F-16F7-4668-BE54-9A1E7A4F7556}") = "Lombiq.OSOCE.NuGet.TestModule", "src\Modules\Lombiq.OSOCE.NuGet.TestModule\Lombiq.OSOCE.NuGet.TestModule.csproj", "{735B0FFD-82A9-49EE-B898-E3DF60BBACE0}"
EndProject
Project("{2150E333-8FDC-42A3-9474-1A3956D46DE8}") = "Themes", "Themes", "{6ECC68E0-8C39-49E9-A4F9-B21153568653}"
EndProject
Project("{9A19103F-16F7-4668-BE54-9A1E7A4F7556}") = "Lombiq.OSOCE.NuGet.TestTheme", "src\Themes\Lombiq.OSOCE.NuGet.TestTheme\Lombiq.OSOCE.NuGet.TestTheme.csproj", "{7A7AB418-7A88-4F7E-ADEF-5F5B293D53FE}"
EndProject
Project("{2150E333-8FDC-42A3-9474-1A3956D46DE8}") = "Solution Items", "Solution Items", "{97DCF32A-0BBB-441D-9709-860757DFC2E0}"
	ProjectSection(SolutionItems) = preProject
		commands.json = commands.json
		..\Directory.Build.props = ..\Directory.Build.props
		Directory.Build.props = Directory.Build.props
		NuGet.config = NuGet.config
		Readme.md = Readme.md
		Reset-Local.ps1 = Reset-Local.ps1
		Update-LombiqNuGetPackages.ps1 = Update-LombiqNuGetPackages.ps1
	EndProjectSection
EndProject
Project("{2150E333-8FDC-42A3-9474-1A3956D46DE8}") = "test", "test", "{8E53E788-C4AA-43D6-B906-6675BD10EC15}"
EndProject
Project("{9A19103F-16F7-4668-BE54-9A1E7A4F7556}") = "Lombiq.OSOCE.NuGet.Tests", "test\Lombiq.OSOCE.NuGet.Tests\Lombiq.OSOCE.NuGet.Tests.csproj", "{692A7BF5-5DB9-46C9-8C90-8D2EFC895BAF}"
EndProject
Project("{9A19103F-16F7-4668-BE54-9A1E7A4F7556}") = "Lombiq.OSOCE.NuGet.Tests.UI", "test\Lombiq.OSOCE.NuGet.Tests.UI\Lombiq.OSOCE.NuGet.Tests.UI.csproj", "{23C4D30C-3E8D-4BC5-A02E-D2A2B3EDFC08}"
EndProject
Project("{2150E333-8FDC-42A3-9474-1A3956D46DE8}") = "Utilities", "Utilities", "{FB27E080-5C89-425F-A6F1-CD4E690CF195}"
EndProject
Project("{9A19103F-16F7-4668-BE54-9A1E7A4F7556}") = "Lombiq.NodeJs.Extensions.Samples.NuGet", "..\src\Utilities\Lombiq.NodeJs.Extensions\Lombiq.NodeJs.Extensions.Samples.NuGet\Lombiq.NodeJs.Extensions.Samples.NuGet.csproj", "{25103E6E-D628-4D36-8FE5-965A293C36D3}"
EndProject
Project("{2150E333-8FDC-42A3-9474-1A3956D46DE8}") = "tools", "tools", "{342A0D21-FA7F-45E9-895A-5F6DA5F3370E}"
EndProject
Project("{9A19103F-16F7-4668-BE54-9A1E7A4F7556}") = "Lombiq.Analyzers.PowerShell.PackageReference", "..\tools\Lombiq.Analyzers.PowerShell\TestSolutions\Lombiq.Analyzers.PowerShell.PackageReference\Lombiq.Analyzers.PowerShell.PackageReference.csproj", "{6504905F-584A-49A0-9FFE-CCB12240E7D7}"
EndProject
Global
	GlobalSection(SolutionConfigurationPlatforms) = preSolution
		Debug|Any CPU = Debug|Any CPU
		Release|Any CPU = Release|Any CPU
	EndGlobalSection
	GlobalSection(ProjectConfigurationPlatforms) = postSolution
		{19070D2C-F81F-48EA-B44D-EEDF77026EE0}.Debug|Any CPU.ActiveCfg = Debug|Any CPU
		{19070D2C-F81F-48EA-B44D-EEDF77026EE0}.Debug|Any CPU.Build.0 = Debug|Any CPU
		{19070D2C-F81F-48EA-B44D-EEDF77026EE0}.Release|Any CPU.ActiveCfg = Release|Any CPU
		{19070D2C-F81F-48EA-B44D-EEDF77026EE0}.Release|Any CPU.Build.0 = Release|Any CPU
		{735B0FFD-82A9-49EE-B898-E3DF60BBACE0}.Debug|Any CPU.ActiveCfg = Debug|Any CPU
		{735B0FFD-82A9-49EE-B898-E3DF60BBACE0}.Debug|Any CPU.Build.0 = Debug|Any CPU
		{735B0FFD-82A9-49EE-B898-E3DF60BBACE0}.Release|Any CPU.ActiveCfg = Release|Any CPU
		{735B0FFD-82A9-49EE-B898-E3DF60BBACE0}.Release|Any CPU.Build.0 = Release|Any CPU
		{7A7AB418-7A88-4F7E-ADEF-5F5B293D53FE}.Debug|Any CPU.ActiveCfg = Debug|Any CPU
		{7A7AB418-7A88-4F7E-ADEF-5F5B293D53FE}.Debug|Any CPU.Build.0 = Debug|Any CPU
		{7A7AB418-7A88-4F7E-ADEF-5F5B293D53FE}.Release|Any CPU.ActiveCfg = Release|Any CPU
		{7A7AB418-7A88-4F7E-ADEF-5F5B293D53FE}.Release|Any CPU.Build.0 = Release|Any CPU
		{692A7BF5-5DB9-46C9-8C90-8D2EFC895BAF}.Debug|Any CPU.ActiveCfg = Debug|Any CPU
		{692A7BF5-5DB9-46C9-8C90-8D2EFC895BAF}.Debug|Any CPU.Build.0 = Debug|Any CPU
		{692A7BF5-5DB9-46C9-8C90-8D2EFC895BAF}.Release|Any CPU.ActiveCfg = Release|Any CPU
		{692A7BF5-5DB9-46C9-8C90-8D2EFC895BAF}.Release|Any CPU.Build.0 = Release|Any CPU
		{23C4D30C-3E8D-4BC5-A02E-D2A2B3EDFC08}.Debug|Any CPU.ActiveCfg = Debug|Any CPU
		{23C4D30C-3E8D-4BC5-A02E-D2A2B3EDFC08}.Debug|Any CPU.Build.0 = Debug|Any CPU
		{23C4D30C-3E8D-4BC5-A02E-D2A2B3EDFC08}.Release|Any CPU.ActiveCfg = Release|Any CPU
		{23C4D30C-3E8D-4BC5-A02E-D2A2B3EDFC08}.Release|Any CPU.Build.0 = Release|Any CPU
		{25103E6E-D628-4D36-8FE5-965A293C36D3}.Debug|Any CPU.ActiveCfg = Debug|Any CPU
		{25103E6E-D628-4D36-8FE5-965A293C36D3}.Debug|Any CPU.Build.0 = Debug|Any CPU
		{25103E6E-D628-4D36-8FE5-965A293C36D3}.Release|Any CPU.ActiveCfg = Release|Any CPU
		{25103E6E-D628-4D36-8FE5-965A293C36D3}.Release|Any CPU.Build.0 = Release|Any CPU
		{6504905F-584A-49A0-9FFE-CCB12240E7D7}.Debug|Any CPU.ActiveCfg = Debug|Any CPU
		{6504905F-584A-49A0-9FFE-CCB12240E7D7}.Debug|Any CPU.Build.0 = Debug|Any CPU
		{6504905F-584A-49A0-9FFE-CCB12240E7D7}.Release|Any CPU.ActiveCfg = Release|Any CPU
		{6504905F-584A-49A0-9FFE-CCB12240E7D7}.Release|Any CPU.Build.0 = Release|Any CPU
	EndGlobalSection
	GlobalSection(SolutionProperties) = preSolution
		HideSolutionNode = FALSE
	EndGlobalSection
	GlobalSection(NestedProjects) = preSolution
		{19070D2C-F81F-48EA-B44D-EEDF77026EE0} = {B9D4219F-B537-4665-8679-6E10C29ED62E}
		{F9DBFB48-5868-4C99-83AE-41E36E2284C5} = {B9D4219F-B537-4665-8679-6E10C29ED62E}
		{735B0FFD-82A9-49EE-B898-E3DF60BBACE0} = {F9DBFB48-5868-4C99-83AE-41E36E2284C5}
		{6ECC68E0-8C39-49E9-A4F9-B21153568653} = {B9D4219F-B537-4665-8679-6E10C29ED62E}
		{7A7AB418-7A88-4F7E-ADEF-5F5B293D53FE} = {6ECC68E0-8C39-49E9-A4F9-B21153568653}
		{692A7BF5-5DB9-46C9-8C90-8D2EFC895BAF} = {8E53E788-C4AA-43D6-B906-6675BD10EC15}
		{23C4D30C-3E8D-4BC5-A02E-D2A2B3EDFC08} = {8E53E788-C4AA-43D6-B906-6675BD10EC15}
		{FB27E080-5C89-425F-A6F1-CD4E690CF195} = {B9D4219F-B537-4665-8679-6E10C29ED62E}
		{6504905F-584A-49A0-9FFE-CCB12240E7D7} = {342A0D21-FA7F-45E9-895A-5F6DA5F3370E}
		{25103E6E-D628-4D36-8FE5-965A293C36D3} = {FB27E080-5C89-425F-A6F1-CD4E690CF195}
	EndGlobalSection
	GlobalSection(ExtensibilityGlobals) = postSolution
		SolutionGuid = {7B6C224F-E9B3-47DA-8E82-205D1620F2F8}
	EndGlobalSection
EndGlobal
